<?xml version="1.0" encoding="utf-8"?>
<Project ToolsVersion="4.0" xmlns="http://schemas.microsoft.com/developer/msbuild/2003">
  <ItemGroup>
    <Filter Include="Source Files">
      <UniqueIdentifier>{4FC737F1-C7A5-4376-A066-2A32D752A2FF}</UniqueIdentifier>
      <Extensions>cpp;c</Extensions>
    </Filter>
    <Filter Include="Header Files">
      <UniqueIdentifier>{93995380-89BD-4b04-88EB-625FBE52EBFB}</UniqueIdentifier>
      <Extensions>h</Extensions>
    </Filter>
    <Filter Include="Resource Files">
      <UniqueIdentifier>{67DA6AB6-F800-4c08-8B7A-83BB121AAD01}</UniqueIdentifier>
      <Extensions>rc;ico;cur;bmp;dlg;rc2;rct;bin;rgs;gif;jpg;jpeg;jpe;resx;tiff;tif;png;wav;mfcribbon-ms</Extensions>
    </Filter>
    <Filter Include="Source Files\engine">
      <UniqueIdentifier>{76da81b9-bd58-4d55-bb87-207cf5958c55}</UniqueIdentifier>
      <Extensions>cpp;c</Extensions>
    </Filter>
    <Filter Include="Source Files\game">
      <UniqueIdentifier>{ae046006-a59e-44d0-b047-f44811ea5ef7}</UniqueIdentifier>
      <Extensions>cpp;c</Extensions>
    </Filter>
    <Filter Include="Source Files\shared">
      <UniqueIdentifier>{bc108e45-1415-491b-8537-e86e749a9101}</UniqueIdentifier>
      <Extensions>cpp;c</Extensions>
    </Filter>
    <Filter Include="Source Files\support">
      <UniqueIdentifier>{75038b2b-fb94-4394-bebc-33990e7afe32}</UniqueIdentifier>
      <Extensions>cpp;c</Extensions>
    </Filter>
    <Filter Include="Source Files\tests">
      <UniqueIdentifier>{6f319698-ba9d-4066-bb47-297c17c07b47}</UniqueIdentifier>
    </Filter>
    <Filter Include="Header Files\engine">
      <UniqueIdentifier>{25b571ea-9908-4655-ad37-a435b132d5ad}</UniqueIdentifier>
      <Extensions>h</Extensions>
    </Filter>
    <Filter Include="Header Files\game">
      <UniqueIdentifier>{d8605202-dd40-42c0-bacc-61739a7418f7}</UniqueIdentifier>
      <Extensions>h</Extensions>
    </Filter>
    <Filter Include="Header Files\shared">
      <UniqueIdentifier>{ead131ed-a6cd-4c7f-bbd3-922b0785e43f}</UniqueIdentifier>
      <Extensions>h</Extensions>
    </Filter>
    <Filter Include="Header Files\support">
      <UniqueIdentifier>{f7d489f4-1ef0-475e-bf76-fd8c481dbd71}</UniqueIdentifier>
      <Extensions>h</Extensions>
    </Filter>
  </ItemGroup>
  <ItemGroup>
    <ClInclude Include="..\engine\animmodel.h">
      <Filter>Header Files\engine</Filter>
    </ClInclude>
    <ClInclude Include="..\engine\bih.h">
      <Filter>Header Files\engine</Filter>
    </ClInclude>
    <ClInclude Include="..\engine\engine.h">
      <Filter>Header Files\engine</Filter>
    </ClInclude>
    <ClInclude Include="..\engine\explosion.h">
      <Filter>Header Files\engine</Filter>
    </ClInclude>
    <ClInclude Include="..\engine\fx.h">
      <Filter>Header Files\engine</Filter>
    </ClInclude>
    <ClInclude Include="..\engine\fxprop.h">
      <Filter>Header Files\engine</Filter>
    </ClInclude>
    <ClInclude Include="..\engine\hitzone.h">
      <Filter>Header Files\engine</Filter>
    </ClInclude>
    <ClInclude Include="..\engine\http.h">
      <Filter>Header Files\engine</Filter>
    </ClInclude>
    <ClInclude Include="..\engine\iqm.h">
      <Filter>Header Files\engine</Filter>
    </ClInclude>
    <ClInclude Include="..\engine\irc.h">
      <Filter>Header Files\engine</Filter>
    </ClInclude>
    <ClInclude Include="..\engine\lensflare.h">
      <Filter>Header Files\engine</Filter>
    </ClInclude>
    <ClInclude Include="..\engine\light.h">
      <Filter>Header Files\engine</Filter>
    </ClInclude>
    <ClInclude Include="..\engine\lightning.h">
      <Filter>Header Files\engine</Filter>
    </ClInclude>
    <ClInclude Include="..\engine\md2.h">
      <Filter>Header Files\engine</Filter>
    </ClInclude>
    <ClInclude Include="..\engine\md3.h">
      <Filter>Header Files\engine</Filter>
    </ClInclude>
    <ClInclude Include="..\engine\md5.h">
      <Filter>Header Files\engine</Filter>
    </ClInclude>
    <ClInclude Include="..\engine\model.h">
      <Filter>Header Files\engine</Filter>
    </ClInclude>
    <ClInclude Include="..\engine\mpr.h">
      <Filter>Header Files\engine</Filter>
    </ClInclude>
    <ClInclude Include="..\engine\obj.h">
      <Filter>Header Files\engine</Filter>
    </ClInclude>
    <ClInclude Include="..\engine\octa.h">
      <Filter>Header Files\engine</Filter>
    </ClInclude>
    <ClInclude Include="..\engine\ragdoll.h">
      <Filter>Header Files\engine</Filter>
    </ClInclude>
    <ClInclude Include="..\engine\skelmodel.h">
      <Filter>Header Files\engine</Filter>
    </ClInclude>
    <ClInclude Include="..\engine\smd.h">
      <Filter>Header Files\engine</Filter>
    </ClInclude>
    <ClInclude Include="..\engine\sound.h">
      <Filter>Header Files\engine</Filter>
    </ClInclude>
    <ClInclude Include="..\engine\soundenvprop.h">
      <Filter>Header Files\engine</Filter>
    </ClInclude>
    <ClInclude Include="..\engine\textedit.h">
      <Filter>Header Files\engine</Filter>
    </ClInclude>
    <ClInclude Include="..\engine\texture.h">
      <Filter>Header Files\engine</Filter>
    </ClInclude>
    <ClInclude Include="..\engine\version.h">
      <Filter>Header Files\engine</Filter>
    </ClInclude>
    <ClInclude Include="..\engine\vertmodel.h">
      <Filter>Header Files\engine</Filter>
    </ClInclude>
    <ClInclude Include="..\engine\wind.h">
      <Filter>Header Files\engine</Filter>
    </ClInclude>
    <ClInclude Include="..\engine\world.h">
      <Filter>Header Files\engine</Filter>
    </ClInclude>
    <ClInclude Include="..\game\ai.h">
      <Filter>Header Files\game</Filter>
    </ClInclude>
    <ClInclude Include="..\game\aiman.h">
      <Filter>Header Files\game</Filter>
    </ClInclude>
    <ClInclude Include="..\game\auth.h">
      <Filter>Header Files\game</Filter>
    </ClInclude>
    <ClInclude Include="..\game\bomber.h">
      <Filter>Header Files\game</Filter>
    </ClInclude>
    <ClInclude Include="..\game\bombermode.h">
      <Filter>Header Files\game</Filter>
    </ClInclude>
    <ClInclude Include="..\game\capture.h">
      <Filter>Header Files\game</Filter>
    </ClInclude>
    <ClInclude Include="..\game\capturemode.h">
      <Filter>Header Files\game</Filter>
    </ClInclude>
    <ClInclude Include="..\game\defend.h">
      <Filter>Header Files\game</Filter>
    </ClInclude>
    <ClInclude Include="..\game\defendmode.h">
      <Filter>Header Files\game</Filter>
    </ClInclude>
    <ClInclude Include="..\game\duelmut.h">
      <Filter>Header Files\game</Filter>
    </ClInclude>
    <ClInclude Include="..\game\game.h">
      <Filter>Header Files\game</Filter>
    </ClInclude>
    <ClInclude Include="..\game\gamelog.h">
      <Filter>Header Files\game</Filter>
    </ClInclude>
    <ClInclude Include="..\game\gamemode.h">
      <Filter>Header Files\game</Filter>
    </ClInclude>
    <ClInclude Include="..\game\player.h">
      <Filter>Header Files\game</Filter>
    </ClInclude>
    <ClInclude Include="..\game\playerdef.h">
      <Filter>Header Files\game</Filter>
    </ClInclude>
    <ClInclude Include="..\game\teamdef.h">
      <Filter>Header Files\game</Filter>
    </ClInclude>
    <ClInclude Include="..\game\vars.h">
      <Filter>Header Files\game</Filter>
    </ClInclude>
    <ClInclude Include="..\game\weapdef.h">
      <Filter>Header Files\game</Filter>
    </ClInclude>
    <ClInclude Include="..\game\weapons.h">
      <Filter>Header Files\game</Filter>
    </ClInclude>
    <ClInclude Include="..\shared\command.h">
      <Filter>Header Files\shared</Filter>
    </ClInclude>
    <ClInclude Include="..\shared\cube.h">
      <Filter>Header Files\shared</Filter>
    </ClInclude>
    <ClInclude Include="..\shared\discord_register.h">
      <Filter>Header Files\shared</Filter>
    </ClInclude>
    <ClInclude Include="..\shared\discord_rpc.h">
      <Filter>Header Files\shared</Filter>
    </ClInclude>
    <ClInclude Include="..\shared\ents.h">
      <Filter>Header Files\shared</Filter>
    </ClInclude>
    <ClInclude Include="..\shared\enum.h">
      <Filter>Header Files\shared</Filter>
    </ClInclude>
    <ClInclude Include="..\shared\geom.h">
      <Filter>Header Files\shared</Filter>
    </ClInclude>
    <ClInclude Include="..\shared\glemu.h">
      <Filter>Header Files\shared</Filter>
    </ClInclude>
    <ClInclude Include="..\shared\glexts.h">
      <Filter>Header Files\shared</Filter>
    </ClInclude>
    <ClInclude Include="..\shared\iengine.h">
      <Filter>Header Files\shared</Filter>
    </ClInclude>
    <ClInclude Include="..\shared\igame.h">
      <Filter>Header Files\shared</Filter>
    </ClInclude>
    <ClInclude Include="..\shared\prop.h">
      <Filter>Header Files\shared</Filter>
    </ClInclude>
    <ClInclude Include="..\shared\tools.h">
      <Filter>Header Files\shared</Filter>
    </ClInclude>
    <ClInclude Include="..\support\jsmn.h">
      <Filter>Header Files\support</Filter>
    </ClInclude>
  </ItemGroup>
  <ItemGroup>
    <ClCompile Include="..\engine\aa.cpp">
      <Filter>Source Files\engine</Filter>
    </ClCompile>
    <ClCompile Include="..\engine\bih.cpp">
      <Filter>Source Files\engine</Filter>
    </ClCompile>
    <ClCompile Include="..\engine\blend.cpp">
      <Filter>Source Files\engine</Filter>
    </ClCompile>
    <ClCompile Include="..\engine\cdpi.cpp">
      <Filter>Source Files\engine</Filter>
    </ClCompile>
    <ClCompile Include="..\engine\client.cpp">
      <Filter>Source Files\engine</Filter>
    </ClCompile>
    <ClCompile Include="..\engine\command.cpp">
      <Filter>Source Files\engine</Filter>
    </ClCompile>
    <ClCompile Include="..\engine\console.cpp">
      <Filter>Source Files\engine</Filter>
    </ClCompile>
    <ClCompile Include="..\engine\dynlight.cpp">
      <Filter>Source Files\engine</Filter>
    </ClCompile>
    <ClCompile Include="..\engine\fx.cpp">
      <Filter>Source Files\engine</Filter>
    </ClCompile>
    <ClCompile Include="..\engine\fxemit.cpp">
      <Filter>Source Files\engine</Filter>
    </ClCompile>
    <ClCompile Include="..\engine\fxprop.cpp">
      <Filter>Source Files\engine</Filter>
    </ClCompile>
    <ClCompile Include="..\engine\grass.cpp">
      <Filter>Source Files\engine</Filter>
    </ClCompile>
    <ClCompile Include="..\engine\http.cpp">
      <Filter>Source Files\engine</Filter>
    </ClCompile>
    <ClCompile Include="..\engine\irc.cpp">
      <Filter>Source Files\engine</Filter>
    </ClCompile>
    <ClCompile Include="..\engine\light.cpp">
      <Filter>Source Files\engine</Filter>
    </ClCompile>
    <ClCompile Include="..\engine\main.cpp">
      <Filter>Source Files\engine</Filter>
    </ClCompile>
    <ClCompile Include="..\engine\master.cpp">
      <Filter>Source Files\engine</Filter>
    </ClCompile>
    <ClCompile Include="..\engine\material.cpp">
      <Filter>Source Files\engine</Filter>
    </ClCompile>
    <ClCompile Include="..\engine\menus.cpp">
      <Filter>Source Files\engine</Filter>
    </ClCompile>
    <ClCompile Include="..\engine\normal.cpp">
      <Filter>Source Files\engine</Filter>
    </ClCompile>
    <ClCompile Include="..\engine\octa.cpp">
      <Filter>Source Files\engine</Filter>
    </ClCompile>
    <ClCompile Include="..\engine\octaedit.cpp">
      <Filter>Source Files\engine</Filter>
    </ClCompile>
    <ClCompile Include="..\engine\octarender.cpp">
      <Filter>Source Files\engine</Filter>
    </ClCompile>
    <ClCompile Include="..\engine\physics.cpp">
      <Filter>Source Files\engine</Filter>
    </ClCompile>
    <ClCompile Include="..\engine\pvs.cpp">
      <Filter>Source Files\engine</Filter>
    </ClCompile>
    <ClCompile Include="..\engine\renderfx.cpp">
      <Filter>Source Files\engine</Filter>
    </ClCompile>
    <ClCompile Include="..\engine\rendergl.cpp">
      <Filter>Source Files\engine</Filter>
    </ClCompile>
    <ClCompile Include="..\engine\renderlights.cpp">
      <Filter>Source Files\engine</Filter>
    </ClCompile>
    <ClCompile Include="..\engine\rendermodel.cpp">
      <Filter>Source Files\engine</Filter>
    </ClCompile>
    <ClCompile Include="..\engine\renderparticles.cpp">
      <Filter>Source Files\engine</Filter>
    </ClCompile>
    <ClCompile Include="..\engine\rendersky.cpp">
      <Filter>Source Files\engine</Filter>
    </ClCompile>
    <ClCompile Include="..\engine\rendertext.cpp">
      <Filter>Source Files\engine</Filter>
    </ClCompile>
    <ClCompile Include="..\engine\renderva.cpp">
      <Filter>Source Files\engine</Filter>
    </ClCompile>
    <ClCompile Include="..\engine\server.cpp">
      <Filter>Source Files\engine</Filter>
    </ClCompile>
    <ClCompile Include="..\engine\serverbrowser.cpp">
      <Filter>Source Files\engine</Filter>
    </ClCompile>
    <ClCompile Include="..\engine\shader.cpp">
      <Filter>Source Files\engine</Filter>
    </ClCompile>
    <ClCompile Include="..\engine\sound.cpp">
      <Filter>Source Files\engine</Filter>
    </ClCompile>
    <ClCompile Include="..\engine\stain.cpp">
      <Filter>Source Files\engine</Filter>
    </ClCompile>
    <ClCompile Include="..\engine\texture.cpp">
      <Filter>Source Files\engine</Filter>
    </ClCompile>
    <ClCompile Include="..\engine\ui.cpp">
      <Filter>Source Files\engine</Filter>
    </ClCompile>
    <ClCompile Include="..\engine\water.cpp">
      <Filter>Source Files\engine</Filter>
    </ClCompile>
    <ClCompile Include="..\engine\wind.cpp">
      <Filter>Source Files\engine</Filter>
    </ClCompile>
    <ClCompile Include="..\engine\world.cpp">
      <Filter>Source Files\engine</Filter>
    </ClCompile>
    <ClCompile Include="..\engine\worldio.cpp">
      <Filter>Source Files\engine</Filter>
    </ClCompile>
    <ClCompile Include="..\game\ai.cpp">
      <Filter>Source Files\game</Filter>
    </ClCompile>
    <ClCompile Include="..\game\bomber.cpp">
      <Filter>Source Files\game</Filter>
    </ClCompile>
    <ClCompile Include="..\game\capture.cpp">
      <Filter>Source Files\game</Filter>
    </ClCompile>
    <ClCompile Include="..\game\client.cpp">
      <Filter>Source Files\game</Filter>
    </ClCompile>
    <ClCompile Include="..\game\defend.cpp">
      <Filter>Source Files\game</Filter>
    </ClCompile>
    <ClCompile Include="..\game\entities.cpp">
      <Filter>Source Files\game</Filter>
    </ClCompile>
    <ClCompile Include="..\game\game.cpp">
      <Filter>Source Files\game</Filter>
    </ClCompile>
    <ClCompile Include="..\game\hud.cpp">
      <Filter>Source Files\game</Filter>
    </ClCompile>
    <ClCompile Include="..\game\physics.cpp">
      <Filter>Source Files\game</Filter>
    </ClCompile>
    <ClCompile Include="..\game\projs.cpp">
      <Filter>Source Files\game</Filter>
    </ClCompile>
    <ClCompile Include="..\game\scoreboard.cpp">
      <Filter>Source Files\game</Filter>
    </ClCompile>
    <ClCompile Include="..\game\server.cpp">
      <Filter>Source Files\game</Filter>
    </ClCompile>
    <ClCompile Include="..\game\waypoint.cpp">
      <Filter>Source Files\game</Filter>
    </ClCompile>
    <ClCompile Include="..\game\weapons.cpp">
      <Filter>Source Files\game</Filter>
    </ClCompile>
    <ClCompile Include="..\shared\crypto.cpp">
      <Filter>Source Files\shared</Filter>
    </ClCompile>
    <ClCompile Include="..\shared\geom.cpp">
      <Filter>Source Files\shared</Filter>
    </ClCompile>
    <ClCompile Include="..\shared\glemu.cpp">
      <Filter>Source Files\shared</Filter>
    </ClCompile>
    <ClCompile Include="..\shared\prop.cpp">
      <Filter>Source Files\shared</Filter>
    </ClCompile>
    <ClCompile Include="..\shared\stream.cpp">
      <Filter>Source Files\shared</Filter>
    </ClCompile>
    <ClCompile Include="..\shared\tools.cpp">
      <Filter>Source Files\shared</Filter>
    </ClCompile>
    <ClCompile Include="..\shared\zip.cpp">
      <Filter>Source Files\shared</Filter>
    </ClCompile>
    <ClCompile Include="..\support\jsmn.c">
      <Filter>Source Files\support</Filter>
    </ClCompile>
    <ClCompile Include="..\tests\slotmanager.cpp">
      <Filter>Source Files\tests</Filter>
    </ClCompile>
    <ClCompile Include="..\shared\pch.cpp">
      <Filter>Source Files\shared</Filter>
    </ClCompile>
  </ItemGroup>
  <ItemGroup>
    <Image Include="..\redeclipse.ico">
      <Filter>Resource Files</Filter>
    </Image>
  </ItemGroup>
  <ItemGroup>
    <ResourceCompile Include="..\redeclipse.rc">
      <Filter>Resource Files</Filter>
    </ResourceCompile>
  </ItemGroup>
</Project>