
Microsoft Visual Studio Solution File, Format Version 12.00
# Visual Studio Version 17
VisualStudioVersion = 17.2.32616.157
MinimumVisualStudioVersion = 10.0.40219.1
Project("{8BC9CEB8-8B4A-11D0-8D11-00A0C91BC942}") = "client", "client.vcxproj", "{1BF96D54-95E5-4264-8061-AF41205601C4}"
EndProject
Project("{8BC9CEB8-8B4A-11D0-8D11-00A0C91BC942}") = "server", "server.vcxproj", "{2C12D8AB-C709-4E6F-B552-4380EF3E2950}"
EndProject
Global
	GlobalSection(SolutionConfigurationPlatforms) = preSolution
		Debug|x64 = Debug|x64
		Debug|x86 = Debug|x86
		Release|x64 = Release|x64
		Release|x86 = Release|x86
		SanitizeRelease|x64 = SanitizeRelease|x64
		SanitizeRelease|x86 = SanitizeRelease|x86
	EndGlobalSection
	GlobalSection(ProjectConfigurationPlatforms) = postSolution
		{1BF96D54-95E5-4264-8061-AF41205601C4}.Debug|x64.ActiveCfg = Debug|x64
		{1BF96D54-95E5-4264-8061-AF41205601C4}.Debug|x64.Build.0 = Debug|x64
		{1BF96D54-95E5-4264-8061-AF41205601C4}.Debug|x86.ActiveCfg = Debug|Win32
		{1BF96D54-95E5-4264-8061-AF41205601C4}.Debug|x86.Build.0 = Debug|Win32
		{1BF96D54-95E5-4264-8061-AF41205601C4}.Release|x64.ActiveCfg = Release|x64
		{1BF96D54-95E5-4264-8061-AF41205601C4}.Release|x64.Build.0 = Release|x64
		{1BF96D54-95E5-4264-8061-AF41205601C4}.Release|x86.ActiveCfg = Release|Win32
		{1BF96D54-95E5-4264-8061-AF41205601C4}.Release|x86.Build.0 = Release|Win32
		{1BF96D54-95E5-4264-8061-AF41205601C4}.SanitizeRelease|x64.ActiveCfg = SanitizeRelease|x64
		{1BF96D54-95E5-4264-8061-AF41205601C4}.SanitizeRelease|x64.Build.0 = SanitizeRelease|x64
		{1BF96D54-95E5-4264-8061-AF41205601C4}.SanitizeRelease|x86.ActiveCfg = SanitizeRelease|Win32
		{1BF96D54-95E5-4264-8061-AF41205601C4}.SanitizeRelease|x86.Build.0 = SanitizeRelease|Win32
		{2C12D8AB-C709-4E6F-B552-4380EF3E2950}.Debug|x64.ActiveCfg = Debug|x64
		{2C12D8AB-C709-4E6F-B552-4380EF3E2950}.Debug|x64.Build.0 = Debug|x64
		{2C12D8AB-C709-4E6F-B552-4380EF3E2950}.Debug|x86.ActiveCfg = Debug|Win32
		{2C12D8AB-C709-4E6F-B552-4380EF3E2950}.Debug|x86.Build.0 = Debug|Win32
		{2C12D8AB-C709-4E6F-B552-4380EF3E2950}.Release|x64.ActiveCfg = Release|x64
		{2C12D8AB-C709-4E6F-B552-4380EF3E2950}.Release|x64.Build.0 = Release|x64
		{2C12D8AB-C709-4E6F-B552-4380EF3E2950}.Release|x86.ActiveCfg = Release|Win32
		{2C12D8AB-C709-4E6F-B552-4380EF3E2950}.Release|x86.Build.0 = Release|Win32
		{2C12D8AB-C709-4E6F-B552-4380EF3E2950}.SanitizeRelease|x64.ActiveCfg = SanitizeRelease|x64
		{2C12D8AB-C709-4E6F-B552-4380EF3E2950}.SanitizeRelease|x64.Build.0 = SanitizeRelease|x64
		{2C12D8AB-C709-4E6F-B552-4380EF3E2950}.SanitizeRelease|x86.ActiveCfg = SanitizeRelease|Win32
		{2C12D8AB-C709-4E6F-B552-4380EF3E2950}.SanitizeRelease|x86.Build.0 = SanitizeRelease|Win32
	EndGlobalSection
	GlobalSection(SolutionProperties) = preSolution
		HideSolutionNode = FALSE
	EndGlobalSection
	GlobalSection(ExtensibilityGlobals) = postSolution
		SolutionGuid = {023E0B62-0544-48B7-B98F-E729665E95C4}
	EndGlobalSection
EndGlobal
