<?xml version="1.0" encoding="UTF-8" standalone="yes" ?>
<CodeBlocks_project_file>
	<FileVersion major="1" minor="6" />
	<Project>
		<Option title="redeclipse" />
		<Option platforms="Windows;" />
		<Option compiler="gcc" />
		<Build>
			<Target title="redeclipse-x86">
				<Option output="../bin/x86/redeclipse.exe" prefix_auto="0" extension_auto="0" />
				<Option working_dir="../" />
				<Option object_output=".objs/redeclipse-x86" />
				<Option deps_output=".deps/redeclipse-x86" />
				<Option type="0" />
				<Option compiler="gcc" />
				<Option parameters="-hhome -r -df0 -dw800 -dh600 -glog.txt" />
				<Option projectCompilerOptionsRelation="1" />
				<Option projectLinkerOptionsRelation="1" />
				<Option projectIncludeDirsRelation="1" />
				<Option projectResourceIncludeDirsRelation="1" />
				<Option projectLibDirsRelation="1" />
				<Compiler>
					<Add option="-fomit-frame-pointer" />
					<Add option="-ffast-math" />
					<Add option="-O3" />
					<Add option="-Wall" />
					<Add option="-m32" />
					<Add option="-mwindows" />
					<Add option="-fsigned-char" />
					<Add option="-fno-exceptions" />
					<Add option="-fno-rtti" />
					<Add directory="shared" />
					<Add directory="engine" />
					<Add directory="game" />
					<Add directory="enet/include" />
					<Add directory="include" />
				</Compiler>
				<Linker>
					<Add option="-s" />
					<Add option="-m32" />
					<Add option="-mwindows" />
					<Add library="SDL" />
					<Add library="SDL_image" />
					<Add library="SDL_mixer" />
					<Add library="zlib1" />
					<Add library="opengl32" />
					<Add library="enet" />
					<Add library="ws2_32" />
					<Add library="winmm" />
					<Add directory="../bin/x86" />
					<Add directory="lib/x86" />
				</Linker>
				<Environment>
					<Variable name="WINDRES_TARGET" value="pe-i386" />
				</Environment>
			</Target>
			<Target title="redeclipse-x86-dbg">
				<Option output="../bin/x86/redeclipse-dbg.exe" prefix_auto="0" extension_auto="0" />
				<Option working_dir="../" />
				<Option object_output=".objs/redeclipse-x86-dbg" />
				<Option deps_output=".deps/redeclipse-x86-dbg" />
				<Option type="0" />
				<Option compiler="gcc" />
				<Option parameters="-hhome -r -df0 -dw800 -dh600 -glog.txt" />
				<Option projectCompilerOptionsRelation="1" />
				<Option projectLinkerOptionsRelation="1" />
				<Option projectIncludeDirsRelation="1" />
				<Option projectResourceIncludeDirsRelation="1" />
				<Option projectLibDirsRelation="1" />
				<Compiler>
					<Add option="-Wall" />
					<Add option="-g" />
					<Add option="-m32" />
					<Add option="-mwindows" />
					<Add option="-fsigned-char" />
					<Add directory="shared" />
					<Add directory="engine" />
					<Add directory="game" />
					<Add directory="enet/include" />
					<Add directory="include" />
				</Compiler>
				<Linker>
					<Add option="-m32" />
					<Add option="-mwindows" />
					<Add library="SDL" />
					<Add library="SDL_image" />
					<Add library="SDL_mixer" />
					<Add library="zlib1" />
					<Add library="opengl32" />
					<Add library="enet" />
					<Add library="ws2_32" />
					<Add library="winmm" />
					<Add directory="../bin/x86" />
					<Add directory="lib/x86" />
				</Linker>
				<Environment>
					<Variable name="WINDRES_TARGET" value="pe-i386" />
				</Environment>
			</Target>
			<Target title="redeclipse-x86-prof">
				<Option output="../bin/x86/redeclipse.exe" prefix_auto="0" extension_auto="0" />
				<Option working_dir="../" />
				<Option object_output=".objs/redeclipse-x86-prof" />
				<Option deps_output=".deps/redeclipse-x86-prof" />
				<Option type="0" />
				<Option compiler="gcc" />
				<Option parameters="-hhome -r -df0 -dw800 -dh600 -glog.txt" />
				<Option projectCompilerOptionsRelation="1" />
				<Option projectLinkerOptionsRelation="1" />
				<Option projectIncludeDirsRelation="1" />
				<Option projectResourceIncludeDirsRelation="1" />
				<Option projectLibDirsRelation="1" />
				<Compiler>
					<Add option="-Wall" />
					<Add option="-pg" />
					<Add option="-m32" />
					<Add option="-mwindows" />
					<Add option="-fsigned-char" />
					<Add option="-finline-functions" />
					<Add directory="shared" />
					<Add directory="engine" />
					<Add directory="game" />
					<Add directory="enet/include" />
					<Add directory="include" />
				</Compiler>
				<Linker>
					<Add option="-pg -lgmon" />
					<Add option="-m32" />
					<Add option="-mwindows" />
					<Add library="SDL" />
					<Add library="SDL_image" />
					<Add library="SDL_mixer" />
					<Add library="zlib1" />
					<Add library="opengl32" />
					<Add library="enet" />
					<Add library="ws2_32" />
					<Add library="winmm" />
					<Add directory="../bin/x86" />
					<Add directory="lib/x86" />
				</Linker>
				<Environment>
					<Variable name="WINDRES_TARGET" value="pe-i386" />
				</Environment>
			</Target>
			<Target title="redeclipse_server-x86">
				<Option output="../bin/x86/redeclipse_server.exe" prefix_auto="0" extension_auto="0" />
				<Option working_dir="../" />
				<Option object_output=".objs/redeclipse_server-x86" />
				<Option deps_output=".deps/redeclipse_server-x86" />
				<Option type="0" />
				<Option compiler="gcc" />
				<Option projectCompilerOptionsRelation="1" />
				<Option projectLinkerOptionsRelation="1" />
				<Option projectIncludeDirsRelation="1" />
				<Option projectResourceIncludeDirsRelation="1" />
				<Option projectLibDirsRelation="1" />
				<Compiler>
					<Add option="-fomit-frame-pointer" />
					<Add option="-ffast-math" />
					<Add option="-O3" />
					<Add option="-Wall" />
					<Add option="-m32" />
					<Add option="-mwindows" />
					<Add option="-fsigned-char" />
					<Add option="-fno-exceptions" />
					<Add option="-fno-rtti" />
					<Add option="-DSTANDALONE" />
					<Add directory="shared" />
					<Add directory="engine" />
					<Add directory="game" />
					<Add directory="enet/include" />
					<Add directory="include" />
				</Compiler>
				<Linker>
					<Add option="-s" />
					<Add option="-m32" />
					<Add option="-mwindows" />
					<Add library="zlib1" />
					<Add library="enet" />
					<Add library="ws2_32" />
					<Add library="winmm" />
					<Add directory="../bin/x86" />
					<Add directory="lib/x86" />
				</Linker>
				<Environment>
					<Variable name="WINDRES_TARGET" value="pe-i386" />
				</Environment>
			</Target>
			<Target title="redeclipse_server-x86-dbg">
				<Option output="../bin/x86/redeclipse_server-dbg.exe" prefix_auto="0" extension_auto="0" />
				<Option working_dir="../" />
				<Option object_output=".objs/redeclipse_server-x86-dbg" />
				<Option deps_output=".deps/redeclipse_server-x86-dbg" />
				<Option type="0" />
				<Option compiler="gcc" />
				<Option projectCompilerOptionsRelation="1" />
				<Option projectLinkerOptionsRelation="1" />
				<Option projectIncludeDirsRelation="1" />
				<Option projectResourceIncludeDirsRelation="1" />
				<Option projectLibDirsRelation="1" />
				<Compiler>
					<Add option="-Wall" />
					<Add option="-g" />
					<Add option="-m32" />
					<Add option="-mwindows" />
					<Add option="-fsigned-char" />
					<Add option="-DSTANDALONE" />
					<Add directory="shared" />
					<Add directory="engine" />
					<Add directory="game" />
					<Add directory="enet/include" />
					<Add directory="include" />
				</Compiler>
				<Linker>
					<Add option="-m32" />
					<Add option="-mwindows" />
					<Add library="zlib1" />
					<Add library="enet" />
					<Add library="ws2_32" />
					<Add library="winmm" />
					<Add directory="../bin/x86" />
					<Add directory="lib/x86" />
				</Linker>
				<Environment>
					<Variable name="WINDRES_TARGET" value="pe-i386" />
				</Environment>
			</Target>
			<Target title="redeclipse-amd64">
				<Option output="../bin/amd64/redeclipse.exe" prefix_auto="0" extension_auto="0" />
				<Option working_dir="../" />
				<Option object_output=".objs/redeclipse-amd64" />
				<Option deps_output=".deps/redeclipse-amd64" />
				<Option type="0" />
				<Option compiler="gcc" />
				<Option parameters="-hhome -r -df0 -dw800 -dh600 -glog.txt" />
				<Option projectCompilerOptionsRelation="1" />
				<Option projectLinkerOptionsRelation="1" />
				<Option projectIncludeDirsRelation="1" />
				<Option projectResourceIncludeDirsRelation="1" />
				<Option projectLibDirsRelation="1" />
				<Compiler>
					<Add option="-fomit-frame-pointer" />
					<Add option="-ffast-math" />
					<Add option="-O3" />
					<Add option="-Wall" />
					<Add option="-m64" />
					<Add option="-mwindows" />
					<Add option="-fsigned-char" />
					<Add option="-fno-exceptions" />
					<Add option="-fno-rtti" />
					<Add directory="shared" />
					<Add directory="engine" />
					<Add directory="game" />
					<Add directory="enet/include" />
					<Add directory="include" />
				</Compiler>
				<Linker>
					<Add option="-s" />
					<Add option="-m64" />
					<Add option="-mwindows" />
					<Add library="SDL" />
					<Add library="SDL_image" />
					<Add library="SDL_mixer" />
					<Add library="zlib1" />
					<Add library="opengl32" />
					<Add library="enet" />
					<Add library="ws2_32" />
					<Add library="winmm" />
					<Add directory="../bin/amd64" />
					<Add directory="lib/amd64" />
				</Linker>
				<Environment>
					<Variable name="WINDRES_TARGET" value="pe-x86-64" />
				</Environment>
			</Target>
			<Target title="redeclipse-amd64-dbg">
				<Option output="../bin/amd64/redeclipse-dbg.exe" prefix_auto="0" extension_auto="0" />
				<Option working_dir="../" />
				<Option object_output=".objs/redeclipse-amd64-dbg" />
				<Option deps_output=".deps/redeclipse-amd64-dbg" />
				<Option type="0" />
				<Option compiler="gcc" />
				<Option parameters="-hhome -r -df0 -dw800 -dh600 -glog.txt" />
				<Option projectCompilerOptionsRelation="1" />
				<Option projectLinkerOptionsRelation="1" />
				<Option projectIncludeDirsRelation="1" />
				<Option projectResourceIncludeDirsRelation="1" />
				<Option projectLibDirsRelation="1" />
				<Compiler>
					<Add option="-Wall" />
					<Add option="-g" />
					<Add option="-m64" />
					<Add option="-mwindows" />
					<Add option="-fsigned-char" />
					<Add directory="shared" />
					<Add directory="engine" />
					<Add directory="game" />
					<Add directory="enet/include" />
					<Add directory="include" />
				</Compiler>
				<Linker>
					<Add option="-m64" />
					<Add option="-mwindows" />
					<Add library="SDL" />
					<Add library="SDL_image" />
					<Add library="SDL_mixer" />
					<Add library="zlib1" />
					<Add library="opengl32" />
					<Add library="enet" />
					<Add library="ws2_32" />
					<Add library="winmm" />
					<Add directory="../bin/amd64" />
					<Add directory="lib/amd64" />
				</Linker>
				<Environment>
					<Variable name="WINDRES_TARGET" value="pe-x86-64" />
				</Environment>
			</Target>
			<Target title="redeclipse-amd64-prof">
				<Option output="../bin/amd64/redeclipse.exe" prefix_auto="0" extension_auto="0" />
				<Option working_dir="../" />
				<Option object_output=".objs/redeclipse-amd64-prof" />
				<Option deps_output=".deps/redeclipse-amd64-prof" />
				<Option type="0" />
				<Option compiler="gcc" />
				<Option parameters="-hhome -r -df0 -dw800 -dh600 -glog.txt" />
				<Option projectCompilerOptionsRelation="1" />
				<Option projectLinkerOptionsRelation="1" />
				<Option projectIncludeDirsRelation="1" />
				<Option projectResourceIncludeDirsRelation="1" />
				<Option projectLibDirsRelation="1" />
				<Compiler>
					<Add option="-Wall" />
					<Add option="-pg" />
					<Add option="-m64" />
					<Add option="-mwindows" />
					<Add option="-fsigned-char" />
					<Add option="-finline-functions" />
					<Add directory="shared" />
					<Add directory="engine" />
					<Add directory="game" />
					<Add directory="enet/include" />
					<Add directory="include" />
				</Compiler>
				<Linker>
					<Add option="-pg -lgmon" />
					<Add option="-m64" />
					<Add option="-mwindows" />
					<Add library="SDL" />
					<Add library="SDL_image" />
					<Add library="SDL_mixer" />
					<Add library="zlib1" />
					<Add library="opengl32" />
					<Add library="enet" />
					<Add library="ws2_32" />
					<Add library="winmm" />
					<Add directory="../bin/amd64" />
					<Add directory="lib/amd64" />
				</Linker>
				<Environment>
					<Variable name="WINDRES_TARGET" value="pe-x86-64" />
				</Environment>
			</Target>
			<Target title="redeclipse_server-amd64">
				<Option output="../bin/amd64/redeclipse_server.exe" prefix_auto="0" extension_auto="0" />
				<Option working_dir="../" />
				<Option object_output=".objs/redeclipse_server-amd64" />
				<Option deps_output=".deps/redeclipse_server-amd64" />
				<Option type="0" />
				<Option compiler="gcc" />
				<Option projectCompilerOptionsRelation="1" />
				<Option projectLinkerOptionsRelation="1" />
				<Option projectIncludeDirsRelation="1" />
				<Option projectResourceIncludeDirsRelation="1" />
				<Option projectLibDirsRelation="1" />
				<Compiler>
					<Add option="-fomit-frame-pointer" />
					<Add option="-ffast-math" />
					<Add option="-O3" />
					<Add option="-Wall" />
					<Add option="-m64" />
					<Add option="-mwindows" />
					<Add option="-fsigned-char" />
					<Add option="-fno-exceptions" />
					<Add option="-fno-rtti" />
					<Add option="-DSTANDALONE" />
					<Add directory="shared" />
					<Add directory="engine" />
					<Add directory="game" />
					<Add directory="enet/include" />
					<Add directory="include" />
				</Compiler>
				<Linker>
					<Add option="-s" />
					<Add option="-m64" />
					<Add option="-mwindows" />
					<Add library="zlib1" />
					<Add library="enet" />
					<Add library="ws2_32" />
					<Add library="winmm" />
					<Add directory="../bin/amd64" />
					<Add directory="lib/amd64" />
				</Linker>
				<Environment>
					<Variable name="WINDRES_TARGET" value="pe-x86-64" />
				</Environment>
			</Target>
			<Target title="redeclipse_server-amd64-dbg">
				<Option output="../bin/amd64/redeclipse_server-dbg.exe" prefix_auto="0" extension_auto="0" />
				<Option working_dir="../" />
				<Option object_output=".objs/redeclipse_server-amd64-dbg" />
				<Option deps_output=".deps/redeclipse_server-amd64-dbg" />
				<Option type="0" />
				<Option compiler="gcc" />
				<Option projectCompilerOptionsRelation="1" />
				<Option projectLinkerOptionsRelation="1" />
				<Option projectIncludeDirsRelation="1" />
				<Option projectResourceIncludeDirsRelation="1" />
				<Option projectLibDirsRelation="1" />
				<Compiler>
					<Add option="-Wall" />
					<Add option="-g" />
					<Add option="-m64" />
					<Add option="-mwindows" />
					<Add option="-fsigned-char" />
					<Add option="-DSTANDALONE" />
					<Add directory="shared" />
					<Add directory="engine" />
					<Add directory="game" />
					<Add directory="enet/include" />
					<Add directory="include" />
				</Compiler>
				<Linker>
					<Add option="-m64" />
					<Add option="-mwindows" />
					<Add library="zlib1" />
					<Add library="enet" />
					<Add library="ws2_32" />
					<Add library="winmm" />
					<Add directory="../bin/amd64" />
					<Add directory="lib/amd64" />
				</Linker>
				<Environment>
					<Variable name="WINDRES_TARGET" value="pe-x86-64" />
				</Environment>
			</Target>
			<Target title="genkey">
				<Option output="../bin/x86/genkey.exe" prefix_auto="0" extension_auto="0" />
				<Option working_dir="../" />
				<Option object_output=".objs/genkey" />
				<Option deps_output=".deps/genkey" />
				<Option type="1" />
				<Option compiler="gcc" />
				<Option use_console_runner="0" />
				<Option projectCompilerOptionsRelation="1" />
				<Option projectLinkerOptionsRelation="1" />
				<Option projectIncludeDirsRelation="1" />
				<Option projectResourceIncludeDirsRelation="1" />
				<Option projectLibDirsRelation="1" />
				<Compiler>
					<Add option="-fomit-frame-pointer" />
					<Add option="-ffast-math" />
					<Add option="-O3" />
					<Add option="-Wall" />
					<Add option="-fsigned-char" />
					<Add option="-fno-exceptions" />
					<Add option="-fno-rtti" />
					<Add option="-mwindows" />
					<Add option="-m32" />
					<Add option="-DSTANDALONE" />
					<Add directory="shared" />
					<Add directory="engine" />
					<Add directory="game" />
					<Add directory="enet/include" />
					<Add directory="include" />
				</Compiler>
				<Linker>
					<Add option="-s" />
					<Add option="-m32" />
					<Add option="-mwindows" />
					<Add library="zlib1" />
					<Add directory="../bin/x86" />
					<Add directory="lib/x86" />
				</Linker>
				<Environment>
					<Variable name="WINDRES_TARGET" value="pe-i386" />
				</Environment>
			</Target>
			<Target title="cube2font">
				<Option output="../bin/x86/cube2font.exe" prefix_auto="0" extension_auto="0" />
				<Option working_dir="../" />
				<Option object_output=".objs/cube2font" />
				<Option deps_output=".deps/cube2font" />
				<Option type="1" />
				<Option compiler="gcc" />
				<Option use_console_runner="0" />
				<Option projectCompilerOptionsRelation="1" />
				<Option projectLinkerOptionsRelation="1" />
				<Option projectIncludeDirsRelation="1" />
				<Option projectResourceIncludeDirsRelation="1" />
				<Option projectLibDirsRelation="1" />
				<Compiler>
					<Add option="-fomit-frame-pointer" />
					<Add option="-ffast-math" />
					<Add option="-O3" />
					<Add option="-Wall" />
					<Add option="-fsigned-char" />
					<Add option="-fno-exceptions" />
					<Add option="-mwindows" />
					<Add option="-m32" />
					<Add option="-DSTANDALONE" />
					<Add directory="shared" />
					<Add directory="engine" />
					<Add directory="game" />
					<Add directory="enet/include" />
					<Add directory="include" />
				</Compiler>
				<Linker>
					<Add option="-s" />
					<Add option="-m32" />
					<Add option="-mwindows" />
					<Add library="freetype6" />
					<Add library="zlib1" />
					<Add directory="../bin/x86" />
					<Add directory="lib/x86" />
				</Linker>
				<Environment>
					<Variable name="WINDRES_TARGET" value="pe-i386" />
				</Environment>
			</Target>
		</Build>
		<VirtualTargets>
			<Add alias="ALL" targets="redeclipse-x86;redeclipse_server-x86;redeclipse-amd64;redeclipse_server-amd64;" />
			<Add alias="ALL-amd64" targets="redeclipse-amd64;redeclipse_server-amd64;" />
			<Add alias="ALL-x86" targets="redeclipse-x86;redeclipse_server-x86;" />
			<Add alias="TOOLS" targets="cube2font;genkey;" />
		</VirtualTargets>
		<Unit filename="dpiaware.manifest">
			<Option target="redeclipse-x86" />
			<Option target="redeclipse-x86-dbg" />
			<Option target="redeclipse-x86-prof" />
			<Option target="redeclipse_server-x86" />
			<Option target="redeclipse_server-x86-dbg" />
			<Option target="redeclipse-amd64" />
			<Option target="redeclipse-amd64-dbg" />
			<Option target="redeclipse-amd64-prof" />
			<Option target="redeclipse_server-amd64" />
			<Option target="redeclipse_server-amd64-dbg" />
		</Unit>
		<Unit filename="engine/animmodel.h">
			<Option target="redeclipse-x86" />
			<Option target="redeclipse-x86-dbg" />
			<Option target="redeclipse-x86-prof" />
			<Option target="redeclipse-amd64" />
			<Option target="redeclipse-amd64-dbg" />
			<Option target="redeclipse-amd64-prof" />
		</Unit>
		<Unit filename="engine/bih.cpp">
			<Option target="redeclipse-x86" />
			<Option target="redeclipse-x86-dbg" />
			<Option target="redeclipse-x86-prof" />
			<Option target="redeclipse-amd64" />
			<Option target="redeclipse-amd64-dbg" />
			<Option target="redeclipse-amd64-prof" />
		</Unit>
		<Unit filename="engine/bih.h">
			<Option target="redeclipse-x86" />
			<Option target="redeclipse-x86-dbg" />
			<Option target="redeclipse-x86-prof" />
			<Option target="redeclipse-amd64" />
			<Option target="redeclipse-amd64-dbg" />
			<Option target="redeclipse-amd64-prof" />
		</Unit>
		<Unit filename="engine/blend.cpp">
			<Option target="redeclipse-x86" />
			<Option target="redeclipse-x86-dbg" />
			<Option target="redeclipse-x86-prof" />
			<Option target="redeclipse-amd64" />
			<Option target="redeclipse-amd64-dbg" />
			<Option target="redeclipse-amd64-prof" />
		</Unit>
		<Unit filename="engine/blob.cpp">
			<Option target="redeclipse-x86" />
			<Option target="redeclipse-x86-dbg" />
			<Option target="redeclipse-x86-prof" />
			<Option target="redeclipse-amd64" />
			<Option target="redeclipse-amd64-dbg" />
			<Option target="redeclipse-amd64-prof" />
		</Unit>
		<Unit filename="engine/client.cpp">
			<Option target="redeclipse-x86" />
			<Option target="redeclipse-x86-dbg" />
			<Option target="redeclipse-x86-prof" />
			<Option target="redeclipse-amd64" />
			<Option target="redeclipse-amd64-dbg" />
			<Option target="redeclipse-amd64-prof" />
		</Unit>
		<Unit filename="engine/command.cpp">
			<Option target="redeclipse-x86" />
			<Option target="redeclipse-x86-dbg" />
			<Option target="redeclipse_server-x86" />
			<Option target="redeclipse-x86-prof" />
			<Option target="redeclipse_server-x86-dbg" />
			<Option target="redeclipse-amd64" />
			<Option target="redeclipse-amd64-dbg" />
			<Option target="redeclipse-amd64-prof" />
			<Option target="redeclipse_server-amd64" />
			<Option target="redeclipse_server-amd64-dbg" />
		</Unit>
		<Unit filename="engine/console.cpp">
			<Option target="redeclipse-x86" />
			<Option target="redeclipse-x86-dbg" />
			<Option target="redeclipse-x86-prof" />
			<Option target="redeclipse-amd64" />
			<Option target="redeclipse-amd64-dbg" />
			<Option target="redeclipse-amd64-prof" />
		</Unit>
		<Unit filename="engine/decal.cpp">
			<Option target="redeclipse-x86" />
			<Option target="redeclipse-x86-dbg" />
			<Option target="redeclipse-x86-prof" />
			<Option target="redeclipse-amd64" />
			<Option target="redeclipse-amd64-dbg" />
			<Option target="redeclipse-amd64-prof" />
		</Unit>
		<Unit filename="engine/depthfx.h">
			<Option target="redeclipse-x86" />
			<Option target="redeclipse-x86-dbg" />
			<Option target="redeclipse-x86-prof" />
			<Option target="redeclipse-amd64" />
			<Option target="redeclipse-amd64-dbg" />
			<Option target="redeclipse-amd64-prof" />
		</Unit>
		<Unit filename="engine/dynlight.cpp">
			<Option target="redeclipse-x86" />
			<Option target="redeclipse-x86-dbg" />
			<Option target="redeclipse-x86-prof" />
			<Option target="redeclipse-amd64" />
			<Option target="redeclipse-amd64-dbg" />
			<Option target="redeclipse-amd64-prof" />
		</Unit>
		<Unit filename="engine/engine.h">
			<Option compile="1" />
			<Option weight="0" />
			<Option target="redeclipse-x86" />
			<Option target="redeclipse-x86-dbg" />
			<Option target="redeclipse-x86-prof" />
			<Option target="redeclipse-amd64" />
			<Option target="redeclipse-amd64-dbg" />
			<Option target="redeclipse-amd64-prof" />
		</Unit>
		<Unit filename="engine/explosion.h">
			<Option target="redeclipse-x86" />
			<Option target="redeclipse-x86-dbg" />
			<Option target="redeclipse-x86-prof" />
			<Option target="redeclipse-amd64" />
			<Option target="redeclipse-amd64-dbg" />
			<Option target="redeclipse-amd64-prof" />
		</Unit>
		<Unit filename="engine/genkey.cpp">
			<Option target="genkey" />
		</Unit>
		<Unit filename="engine/glare.cpp">
			<Option target="redeclipse-x86" />
			<Option target="redeclipse-x86-dbg" />
			<Option target="redeclipse-x86-prof" />
			<Option target="redeclipse-amd64" />
			<Option target="redeclipse-amd64-dbg" />
			<Option target="redeclipse-amd64-prof" />
		</Unit>
		<Unit filename="engine/glexts.h">
			<Option target="redeclipse-x86" />
			<Option target="redeclipse-x86-dbg" />
			<Option target="redeclipse-x86-prof" />
			<Option target="redeclipse-amd64" />
			<Option target="redeclipse-amd64-dbg" />
			<Option target="redeclipse-amd64-prof" />
		</Unit>
		<Unit filename="engine/grass.cpp">
			<Option target="redeclipse-x86" />
			<Option target="redeclipse-x86-dbg" />
			<Option target="redeclipse-x86-prof" />
			<Option target="redeclipse-amd64" />
			<Option target="redeclipse-amd64-dbg" />
			<Option target="redeclipse-amd64-prof" />
		</Unit>
		<Unit filename="engine/iqm.h">
			<Option target="redeclipse-x86" />
			<Option target="redeclipse-x86-dbg" />
			<Option target="redeclipse-x86-prof" />
			<Option target="redeclipse-amd64" />
			<Option target="redeclipse-amd64-dbg" />
			<Option target="redeclipse-amd64-prof" />
		</Unit>
		<Unit filename="engine/irc.cpp">
			<Option target="redeclipse-x86" />
			<Option target="redeclipse-x86-dbg" />
			<Option target="redeclipse_server-x86" />
			<Option target="redeclipse-x86-prof" />
			<Option target="redeclipse_server-x86-dbg" />
			<Option target="redeclipse-amd64" />
			<Option target="redeclipse-amd64-dbg" />
			<Option target="redeclipse-amd64-prof" />
			<Option target="redeclipse_server-amd64" />
			<Option target="redeclipse_server-amd64-dbg" />
		</Unit>
		<Unit filename="engine/irc.h">
			<Option target="redeclipse-x86" />
			<Option target="redeclipse-x86-dbg" />
			<Option target="redeclipse_server-x86" />
			<Option target="redeclipse-x86-prof" />
			<Option target="redeclipse_server-x86-dbg" />
			<Option target="redeclipse-amd64" />
			<Option target="redeclipse-amd64-dbg" />
			<Option target="redeclipse-amd64-prof" />
			<Option target="redeclipse_server-amd64" />
			<Option target="redeclipse_server-amd64-dbg" />
		</Unit>
		<Unit filename="engine/lensflare.h">
			<Option target="redeclipse-x86" />
			<Option target="redeclipse-x86-dbg" />
			<Option target="redeclipse-x86-prof" />
			<Option target="redeclipse-amd64" />
			<Option target="redeclipse-amd64-dbg" />
			<Option target="redeclipse-amd64-prof" />
		</Unit>
		<Unit filename="engine/lightmap.cpp">
			<Option target="redeclipse-x86" />
			<Option target="redeclipse-x86-dbg" />
			<Option target="redeclipse-x86-prof" />
			<Option target="redeclipse-amd64" />
			<Option target="redeclipse-amd64-dbg" />
			<Option target="redeclipse-amd64-prof" />
		</Unit>
		<Unit filename="engine/lightmap.h">
			<Option target="redeclipse-x86" />
			<Option target="redeclipse-x86-dbg" />
			<Option target="redeclipse-x86-prof" />
			<Option target="redeclipse-amd64" />
			<Option target="redeclipse-amd64-dbg" />
			<Option target="redeclipse-amd64-prof" />
		</Unit>
		<Unit filename="engine/lightning.h">
			<Option target="redeclipse-x86" />
			<Option target="redeclipse-x86-dbg" />
			<Option target="redeclipse-x86-prof" />
			<Option target="redeclipse-amd64" />
			<Option target="redeclipse-amd64-dbg" />
			<Option target="redeclipse-amd64-prof" />
		</Unit>
		<Unit filename="engine/main.cpp">
			<Option target="redeclipse-x86" />
			<Option target="redeclipse-x86-dbg" />
			<Option target="redeclipse-x86-prof" />
			<Option target="redeclipse-amd64" />
			<Option target="redeclipse-amd64-dbg" />
			<Option target="redeclipse-amd64-prof" />
		</Unit>
		<Unit filename="engine/master.cpp">
			<Option target="redeclipse_server-x86" />
			<Option target="redeclipse_server-x86-dbg" />
			<Option target="redeclipse_server-amd64" />
			<Option target="redeclipse_server-amd64-dbg" />
		</Unit>
		<Unit filename="engine/material.cpp">
			<Option target="redeclipse-x86" />
			<Option target="redeclipse-x86-dbg" />
			<Option target="redeclipse-x86-prof" />
			<Option target="redeclipse-amd64" />
			<Option target="redeclipse-amd64-dbg" />
			<Option target="redeclipse-amd64-prof" />
		</Unit>
		<Unit filename="engine/md2.h">
			<Option target="redeclipse-x86" />
			<Option target="redeclipse-x86-dbg" />
			<Option target="redeclipse-x86-prof" />
			<Option target="redeclipse-amd64" />
			<Option target="redeclipse-amd64-dbg" />
			<Option target="redeclipse-amd64-prof" />
		</Unit>
		<Unit filename="engine/md3.h">
			<Option target="redeclipse-x86" />
			<Option target="redeclipse-x86-dbg" />
			<Option target="redeclipse-x86-prof" />
			<Option target="redeclipse-amd64" />
			<Option target="redeclipse-amd64-dbg" />
			<Option target="redeclipse-amd64-prof" />
		</Unit>
		<Unit filename="engine/md5.h">
			<Option target="redeclipse-x86" />
			<Option target="redeclipse-x86-dbg" />
			<Option target="redeclipse-x86-prof" />
			<Option target="redeclipse-amd64" />
			<Option target="redeclipse-amd64-dbg" />
			<Option target="redeclipse-amd64-prof" />
		</Unit>
		<Unit filename="engine/menus.cpp">
			<Option target="redeclipse-x86" />
			<Option target="redeclipse-x86-dbg" />
			<Option target="redeclipse-x86-prof" />
			<Option target="redeclipse-amd64" />
			<Option target="redeclipse-amd64-dbg" />
			<Option target="redeclipse-amd64-prof" />
		</Unit>
		<Unit filename="engine/model.h">
			<Option target="redeclipse-x86" />
			<Option target="redeclipse-x86-dbg" />
			<Option target="redeclipse-x86-prof" />
			<Option target="redeclipse-amd64" />
			<Option target="redeclipse-amd64-dbg" />
			<Option target="redeclipse-amd64-prof" />
		</Unit>
		<Unit filename="engine/movie.cpp">
			<Option target="redeclipse-x86" />
			<Option target="redeclipse-x86-dbg" />
			<Option target="redeclipse-x86-prof" />
			<Option target="redeclipse-amd64" />
			<Option target="redeclipse-amd64-dbg" />
			<Option target="redeclipse-amd64-prof" />
		</Unit>
		<Unit filename="engine/mpr.h">
			<Option target="redeclipse-x86" />
			<Option target="redeclipse-x86-dbg" />
			<Option target="redeclipse-x86-prof" />
			<Option target="redeclipse-amd64" />
			<Option target="redeclipse-amd64-dbg" />
			<Option target="redeclipse-amd64-prof" />
		</Unit>
		<Unit filename="engine/normal.cpp">
			<Option target="redeclipse-x86" />
			<Option target="redeclipse-x86-dbg" />
			<Option target="redeclipse-x86-prof" />
			<Option target="redeclipse-amd64" />
			<Option target="redeclipse-amd64-dbg" />
			<Option target="redeclipse-amd64-prof" />
		</Unit>
		<Unit filename="engine/obj.h">
			<Option target="redeclipse-x86" />
			<Option target="redeclipse-x86-dbg" />
			<Option target="redeclipse-x86-prof" />
			<Option target="redeclipse-amd64" />
			<Option target="redeclipse-amd64-dbg" />
			<Option target="redeclipse-amd64-prof" />
		</Unit>
		<Unit filename="engine/octa.cpp">
			<Option target="redeclipse-x86" />
			<Option target="redeclipse-x86-dbg" />
			<Option target="redeclipse-x86-prof" />
			<Option target="redeclipse-amd64" />
			<Option target="redeclipse-amd64-dbg" />
			<Option target="redeclipse-amd64-prof" />
		</Unit>
		<Unit filename="engine/octa.h">
			<Option target="redeclipse-x86" />
			<Option target="redeclipse-x86-dbg" />
			<Option target="redeclipse-x86-prof" />
			<Option target="redeclipse-amd64" />
			<Option target="redeclipse-amd64-dbg" />
			<Option target="redeclipse-amd64-prof" />
		</Unit>
		<Unit filename="engine/octaedit.cpp">
			<Option target="redeclipse-x86" />
			<Option target="redeclipse-x86-dbg" />
			<Option target="redeclipse-x86-prof" />
			<Option target="redeclipse-amd64" />
			<Option target="redeclipse-amd64-dbg" />
			<Option target="redeclipse-amd64-prof" />
		</Unit>
		<Unit filename="engine/octarender.cpp">
			<Option target="redeclipse-x86" />
			<Option target="redeclipse-x86-dbg" />
			<Option target="redeclipse-x86-prof" />
			<Option target="redeclipse-amd64" />
			<Option target="redeclipse-amd64-dbg" />
			<Option target="redeclipse-amd64-prof" />
		</Unit>
		<Unit filename="engine/physics.cpp">
			<Option target="redeclipse-x86" />
			<Option target="redeclipse-x86-dbg" />
			<Option target="redeclipse-x86-prof" />
			<Option target="redeclipse-amd64" />
			<Option target="redeclipse-amd64-dbg" />
			<Option target="redeclipse-amd64-prof" />
		</Unit>
		<Unit filename="engine/pvs.cpp">
			<Option target="redeclipse-x86" />
			<Option target="redeclipse-x86-dbg" />
			<Option target="redeclipse-x86-prof" />
			<Option target="redeclipse-amd64" />
			<Option target="redeclipse-amd64-dbg" />
			<Option target="redeclipse-amd64-prof" />
		</Unit>
		<Unit filename="engine/ragdoll.h">
			<Option target="redeclipse-x86" />
			<Option target="redeclipse-x86-dbg" />
			<Option target="redeclipse-x86-prof" />
			<Option target="redeclipse-amd64" />
			<Option target="redeclipse-amd64-dbg" />
			<Option target="redeclipse-amd64-prof" />
		</Unit>
		<Unit filename="engine/rendergl.cpp">
			<Option target="redeclipse-x86" />
			<Option target="redeclipse-x86-dbg" />
			<Option target="redeclipse-x86-prof" />
			<Option target="redeclipse-amd64" />
			<Option target="redeclipse-amd64-dbg" />
			<Option target="redeclipse-amd64-prof" />
		</Unit>
		<Unit filename="engine/rendermodel.cpp">
			<Option target="redeclipse-x86" />
			<Option target="redeclipse-x86-dbg" />
			<Option target="redeclipse-x86-prof" />
			<Option target="redeclipse-amd64" />
			<Option target="redeclipse-amd64-dbg" />
			<Option target="redeclipse-amd64-prof" />
		</Unit>
		<Unit filename="engine/renderparticles.cpp">
			<Option target="redeclipse-x86" />
			<Option target="redeclipse-x86-dbg" />
			<Option target="redeclipse-x86-prof" />
			<Option target="redeclipse-amd64" />
			<Option target="redeclipse-amd64-dbg" />
			<Option target="redeclipse-amd64-prof" />
		</Unit>
		<Unit filename="engine/rendersky.cpp">
			<Option target="redeclipse-x86" />
			<Option target="redeclipse-x86-dbg" />
			<Option target="redeclipse-x86-prof" />
			<Option target="redeclipse-amd64" />
			<Option target="redeclipse-amd64-dbg" />
			<Option target="redeclipse-amd64-prof" />
		</Unit>
		<Unit filename="engine/rendertarget.h">
			<Option target="redeclipse-x86" />
			<Option target="redeclipse-x86-dbg" />
			<Option target="redeclipse-x86-prof" />
			<Option target="redeclipse-amd64" />
			<Option target="redeclipse-amd64-dbg" />
			<Option target="redeclipse-amd64-prof" />
		</Unit>
		<Unit filename="engine/rendertext.cpp">
			<Option target="redeclipse-x86" />
			<Option target="redeclipse-x86-dbg" />
			<Option target="redeclipse-x86-prof" />
			<Option target="redeclipse-amd64" />
			<Option target="redeclipse-amd64-dbg" />
			<Option target="redeclipse-amd64-prof" />
		</Unit>
		<Unit filename="engine/renderva.cpp">
			<Option target="redeclipse-x86" />
			<Option target="redeclipse-x86-dbg" />
			<Option target="redeclipse-x86-prof" />
			<Option target="redeclipse-amd64" />
			<Option target="redeclipse-amd64-dbg" />
			<Option target="redeclipse-amd64-prof" />
		</Unit>
		<Unit filename="engine/scale.h">
			<Option target="redeclipse-x86" />
			<Option target="redeclipse-x86-dbg" />
			<Option target="redeclipse-x86-prof" />
			<Option target="redeclipse-amd64" />
			<Option target="redeclipse-amd64-dbg" />
			<Option target="redeclipse-amd64-prof" />
		</Unit>
		<Unit filename="engine/server.cpp">
			<Option target="redeclipse-x86" />
			<Option target="redeclipse-x86-dbg" />
			<Option target="redeclipse_server-x86" />
			<Option target="redeclipse-x86-prof" />
			<Option target="redeclipse_server-x86-dbg" />
			<Option target="redeclipse-amd64" />
			<Option target="redeclipse-amd64-dbg" />
			<Option target="redeclipse-amd64-prof" />
			<Option target="redeclipse_server-amd64" />
			<Option target="redeclipse_server-amd64-dbg" />
		</Unit>
		<Unit filename="engine/serverbrowser.cpp">
			<Option target="redeclipse-x86" />
			<Option target="redeclipse-x86-dbg" />
			<Option target="redeclipse-x86-prof" />
			<Option target="redeclipse-amd64" />
			<Option target="redeclipse-amd64-dbg" />
			<Option target="redeclipse-amd64-prof" />
		</Unit>
		<Unit filename="engine/shader.cpp">
			<Option target="redeclipse-x86" />
			<Option target="redeclipse-x86-dbg" />
			<Option target="redeclipse-x86-prof" />
			<Option target="redeclipse-amd64" />
			<Option target="redeclipse-amd64-dbg" />
			<Option target="redeclipse-amd64-prof" />
		</Unit>
		<Unit filename="engine/shadowmap.cpp">
			<Option target="redeclipse-x86" />
			<Option target="redeclipse-x86-dbg" />
			<Option target="redeclipse-x86-prof" />
			<Option target="redeclipse-amd64" />
			<Option target="redeclipse-amd64-dbg" />
			<Option target="redeclipse-amd64-prof" />
		</Unit>
		<Unit filename="engine/skelmodel.h">
			<Option target="redeclipse-x86" />
			<Option target="redeclipse-x86-dbg" />
			<Option target="redeclipse-x86-prof" />
			<Option target="redeclipse-amd64" />
			<Option target="redeclipse-amd64-dbg" />
			<Option target="redeclipse-amd64-prof" />
		</Unit>
		<Unit filename="engine/smd.h">
			<Option target="redeclipse-x86" />
			<Option target="redeclipse-x86-dbg" />
			<Option target="redeclipse-x86-prof" />
			<Option target="redeclipse-amd64" />
			<Option target="redeclipse-amd64-dbg" />
			<Option target="redeclipse-amd64-prof" />
		</Unit>
		<Unit filename="engine/sound.cpp">
			<Option target="redeclipse-x86" />
			<Option target="redeclipse-x86-dbg" />
			<Option target="redeclipse-x86-prof" />
			<Option target="redeclipse-amd64" />
			<Option target="redeclipse-amd64-dbg" />
			<Option target="redeclipse-amd64-prof" />
		</Unit>
		<Unit filename="engine/sound.h">
			<Option target="redeclipse-x86" />
			<Option target="redeclipse-x86-dbg" />
			<Option target="redeclipse-x86-prof" />
			<Option target="redeclipse-amd64" />
			<Option target="redeclipse-amd64-dbg" />
			<Option target="redeclipse-amd64-prof" />
		</Unit>
		<Unit filename="engine/textedit.h">
			<Option target="redeclipse-x86" />
			<Option target="redeclipse-x86-dbg" />
			<Option target="redeclipse-x86-prof" />
			<Option target="redeclipse-amd64" />
			<Option target="redeclipse-amd64-dbg" />
			<Option target="redeclipse-amd64-prof" />
		</Unit>
		<Unit filename="engine/texture.cpp">
			<Option target="redeclipse-x86" />
			<Option target="redeclipse-x86-dbg" />
			<Option target="redeclipse-x86-prof" />
			<Option target="redeclipse-amd64" />
			<Option target="redeclipse-amd64-dbg" />
			<Option target="redeclipse-amd64-prof" />
		</Unit>
		<Unit filename="engine/texture.h">
			<Option target="redeclipse-x86" />
			<Option target="redeclipse-x86-dbg" />
			<Option target="redeclipse-x86-prof" />
			<Option target="redeclipse-amd64" />
			<Option target="redeclipse-amd64-dbg" />
			<Option target="redeclipse-amd64-prof" />
		</Unit>
		<Unit filename="engine/ui.cpp">
			<Option target="redeclipse-x86" />
			<Option target="redeclipse-x86-dbg" />
			<Option target="redeclipse-x86-prof" />
			<Option target="redeclipse-amd64" />
			<Option target="redeclipse-amd64-dbg" />
			<Option target="redeclipse-amd64-prof" />
		</Unit>
		<Unit filename="engine/varray.h">
			<Option target="redeclipse-x86" />
			<Option target="redeclipse-x86-dbg" />
			<Option target="redeclipse-x86-prof" />
			<Option target="redeclipse-amd64" />
			<Option target="redeclipse-amd64-dbg" />
			<Option target="redeclipse-amd64-prof" />
		</Unit>
		<Unit filename="engine/vertmodel.h">
			<Option target="redeclipse-x86" />
			<Option target="redeclipse-x86-dbg" />
			<Option target="redeclipse-x86-prof" />
			<Option target="redeclipse-amd64" />
			<Option target="redeclipse-amd64-dbg" />
			<Option target="redeclipse-amd64-prof" />
		</Unit>
		<Unit filename="engine/water.cpp">
			<Option target="redeclipse-x86" />
			<Option target="redeclipse-x86-dbg" />
			<Option target="redeclipse-x86-prof" />
			<Option target="redeclipse-amd64" />
			<Option target="redeclipse-amd64-dbg" />
			<Option target="redeclipse-amd64-prof" />
		</Unit>
		<Unit filename="engine/world.cpp">
			<Option target="redeclipse-x86" />
			<Option target="redeclipse-x86-dbg" />
			<Option target="redeclipse-x86-prof" />
			<Option target="redeclipse-amd64" />
			<Option target="redeclipse-amd64-dbg" />
			<Option target="redeclipse-amd64-prof" />
		</Unit>
		<Unit filename="engine/world.h">
			<Option target="redeclipse-x86" />
			<Option target="redeclipse-x86-dbg" />
			<Option target="redeclipse-x86-prof" />
			<Option target="redeclipse-amd64" />
			<Option target="redeclipse-amd64-dbg" />
			<Option target="redeclipse-amd64-prof" />
		</Unit>
		<Unit filename="engine/worldio.cpp">
			<Option target="redeclipse-x86" />
			<Option target="redeclipse-x86-dbg" />
			<Option target="redeclipse-x86-prof" />
			<Option target="redeclipse-amd64" />
			<Option target="redeclipse-amd64-dbg" />
			<Option target="redeclipse-amd64-prof" />
		</Unit>
		<Unit filename="game/ai.cpp">
			<Option target="redeclipse-x86" />
			<Option target="redeclipse-x86-dbg" />
			<Option target="redeclipse-x86-prof" />
			<Option target="redeclipse-amd64" />
			<Option target="redeclipse-amd64-dbg" />
			<Option target="redeclipse-amd64-prof" />
		</Unit>
		<Unit filename="game/ai.h">
			<Option target="redeclipse-x86" />
			<Option target="redeclipse-x86-dbg" />
			<Option target="redeclipse-x86-prof" />
			<Option target="redeclipse_server-x86" />
			<Option target="redeclipse_server-x86-dbg" />
			<Option target="redeclipse-amd64" />
			<Option target="redeclipse-amd64-dbg" />
			<Option target="redeclipse-amd64-prof" />
			<Option target="redeclipse_server-amd64" />
			<Option target="redeclipse_server-amd64-dbg" />
		</Unit>
		<Unit filename="game/aiman.h">
			<Option target="redeclipse-x86" />
			<Option target="redeclipse-x86-dbg" />
			<Option target="redeclipse_server-x86" />
			<Option target="redeclipse-x86-prof" />
			<Option target="redeclipse_server-x86-dbg" />
			<Option target="redeclipse-amd64" />
			<Option target="redeclipse-amd64-dbg" />
			<Option target="redeclipse-amd64-prof" />
			<Option target="redeclipse_server-amd64" />
			<Option target="redeclipse_server-amd64-dbg" />
		</Unit>
		<Unit filename="game/auth.h">
			<Option target="redeclipse-x86" />
			<Option target="redeclipse-x86-dbg" />
			<Option target="redeclipse_server-x86" />
			<Option target="redeclipse-x86-prof" />
			<Option target="redeclipse_server-x86-dbg" />
			<Option target="redeclipse-amd64" />
			<Option target="redeclipse-amd64-dbg" />
			<Option target="redeclipse-amd64-prof" />
			<Option target="redeclipse_server-amd64" />
			<Option target="redeclipse_server-amd64-dbg" />
		</Unit>
		<Unit filename="game/bomber.cpp">
			<Option target="redeclipse-x86" />
			<Option target="redeclipse-x86-dbg" />
			<Option target="redeclipse-x86-prof" />
			<Option target="redeclipse-amd64" />
			<Option target="redeclipse-amd64-dbg" />
			<Option target="redeclipse-amd64-prof" />
		</Unit>
		<Unit filename="game/bomber.h">
			<Option target="redeclipse-x86" />
			<Option target="redeclipse-x86-dbg" />
			<Option target="redeclipse_server-x86" />
			<Option target="redeclipse-x86-prof" />
			<Option target="redeclipse_server-x86-dbg" />
			<Option target="redeclipse-amd64" />
			<Option target="redeclipse-amd64-dbg" />
			<Option target="redeclipse-amd64-prof" />
			<Option target="redeclipse_server-amd64" />
			<Option target="redeclipse_server-amd64-dbg" />
		</Unit>
		<Unit filename="game/bombermode.h">
			<Option target="redeclipse-x86" />
			<Option target="redeclipse-x86-dbg" />
			<Option target="redeclipse_server-x86" />
			<Option target="redeclipse-x86-prof" />
			<Option target="redeclipse_server-x86-dbg" />
			<Option target="redeclipse-amd64" />
			<Option target="redeclipse-amd64-dbg" />
			<Option target="redeclipse-amd64-prof" />
			<Option target="redeclipse_server-amd64" />
			<Option target="redeclipse_server-amd64-dbg" />
		</Unit>
		<Unit filename="game/capture.cpp">
			<Option target="redeclipse-x86" />
			<Option target="redeclipse-x86-dbg" />
			<Option target="redeclipse-x86-prof" />
			<Option target="redeclipse-amd64" />
			<Option target="redeclipse-amd64-dbg" />
			<Option target="redeclipse-amd64-prof" />
		</Unit>
		<Unit filename="game/capture.h">
			<Option target="redeclipse-x86" />
			<Option target="redeclipse-x86-dbg" />
			<Option target="redeclipse_server-x86" />
			<Option target="redeclipse-x86-prof" />
			<Option target="redeclipse_server-x86-dbg" />
			<Option target="redeclipse-amd64" />
			<Option target="redeclipse-amd64-dbg" />
			<Option target="redeclipse-amd64-prof" />
			<Option target="redeclipse_server-amd64" />
			<Option target="redeclipse_server-amd64-dbg" />
		</Unit>
		<Unit filename="game/capturemode.h">
			<Option target="redeclipse-x86" />
			<Option target="redeclipse-x86-dbg" />
			<Option target="redeclipse_server-x86" />
			<Option target="redeclipse-x86-prof" />
			<Option target="redeclipse_server-x86-dbg" />
			<Option target="redeclipse-amd64" />
			<Option target="redeclipse-amd64-dbg" />
			<Option target="redeclipse-amd64-prof" />
			<Option target="redeclipse_server-amd64" />
			<Option target="redeclipse_server-amd64-dbg" />
		</Unit>
		<Unit filename="game/client.cpp">
			<Option target="redeclipse-x86" />
			<Option target="redeclipse-x86-dbg" />
			<Option target="redeclipse-x86-prof" />
			<Option target="redeclipse-amd64" />
			<Option target="redeclipse-amd64-dbg" />
			<Option target="redeclipse-amd64-prof" />
		</Unit>
		<Unit filename="game/compass.h">
			<Option target="redeclipse-x86" />
			<Option target="redeclipse-x86-dbg" />
			<Option target="redeclipse-x86-prof" />
			<Option target="redeclipse-amd64" />
			<Option target="redeclipse-amd64-dbg" />
			<Option target="redeclipse-amd64-prof" />
		</Unit>
		<Unit filename="game/defend.cpp">
			<Option target="redeclipse-x86" />
			<Option target="redeclipse-x86-dbg" />
			<Option target="redeclipse-x86-prof" />
			<Option target="redeclipse-amd64" />
			<Option target="redeclipse-amd64-dbg" />
			<Option target="redeclipse-amd64-prof" />
		</Unit>
		<Unit filename="game/defend.h">
			<Option target="redeclipse-x86" />
			<Option target="redeclipse-x86-dbg" />
			<Option target="redeclipse_server-x86" />
			<Option target="redeclipse-x86-prof" />
			<Option target="redeclipse_server-x86-dbg" />
			<Option target="redeclipse-amd64" />
			<Option target="redeclipse-amd64-dbg" />
			<Option target="redeclipse-amd64-prof" />
			<Option target="redeclipse_server-amd64" />
			<Option target="redeclipse_server-amd64-dbg" />
		</Unit>
		<Unit filename="game/defendmode.h">
			<Option target="redeclipse-x86" />
			<Option target="redeclipse-x86-dbg" />
			<Option target="redeclipse_server-x86" />
			<Option target="redeclipse-x86-prof" />
			<Option target="redeclipse_server-x86-dbg" />
			<Option target="redeclipse-amd64" />
			<Option target="redeclipse-amd64-dbg" />
			<Option target="redeclipse-amd64-prof" />
			<Option target="redeclipse_server-amd64" />
			<Option target="redeclipse_server-amd64-dbg" />
		</Unit>
		<Unit filename="game/duelmut.h">
			<Option target="redeclipse-x86" />
			<Option target="redeclipse-x86-dbg" />
			<Option target="redeclipse_server-x86" />
			<Option target="redeclipse-x86-prof" />
			<Option target="redeclipse_server-x86-dbg" />
			<Option target="redeclipse-amd64" />
			<Option target="redeclipse-amd64-dbg" />
			<Option target="redeclipse-amd64-prof" />
			<Option target="redeclipse_server-amd64" />
			<Option target="redeclipse_server-amd64-dbg" />
		</Unit>
		<Unit filename="game/entities.cpp">
			<Option target="redeclipse-x86" />
			<Option target="redeclipse-x86-dbg" />
			<Option target="redeclipse-x86-prof" />
			<Option target="redeclipse-amd64" />
			<Option target="redeclipse-amd64-dbg" />
			<Option target="redeclipse-amd64-prof" />
		</Unit>
		<Unit filename="game/game.cpp">
			<Option target="redeclipse-x86" />
			<Option target="redeclipse-x86-dbg" />
			<Option target="redeclipse-x86-prof" />
			<Option target="redeclipse-amd64" />
			<Option target="redeclipse-amd64-dbg" />
			<Option target="redeclipse-amd64-prof" />
		</Unit>
		<Unit filename="game/game.h">
			<Option weight="0" />
			<Option target="redeclipse-x86" />
			<Option target="redeclipse-x86-dbg" />
			<Option target="redeclipse-x86-prof" />
			<Option target="redeclipse_server-x86" />
			<Option target="redeclipse_server-x86-dbg" />
			<Option target="redeclipse-amd64" />
			<Option target="redeclipse-amd64-dbg" />
			<Option target="redeclipse-amd64-prof" />
			<Option target="redeclipse_server-amd64" />
			<Option target="redeclipse_server-amd64-dbg" />
		</Unit>
		<Unit filename="game/gamemode.h">
			<Option target="redeclipse-x86" />
			<Option target="redeclipse-x86-dbg" />
			<Option target="redeclipse-x86-prof" />
			<Option target="redeclipse_server-x86" />
			<Option target="redeclipse_server-x86-dbg" />
			<Option target="redeclipse-amd64" />
			<Option target="redeclipse-amd64-dbg" />
			<Option target="redeclipse-amd64-prof" />
			<Option target="redeclipse_server-amd64" />
			<Option target="redeclipse_server-amd64-dbg" />
		</Unit>
		<Unit filename="game/hud.cpp">
			<Option target="redeclipse-x86" />
			<Option target="redeclipse-x86-dbg" />
			<Option target="redeclipse-x86-prof" />
			<Option target="redeclipse-amd64" />
			<Option target="redeclipse-amd64-dbg" />
			<Option target="redeclipse-amd64-prof" />
		</Unit>
		<Unit filename="game/physics.cpp">
			<Option target="redeclipse-x86" />
			<Option target="redeclipse-x86-dbg" />
			<Option target="redeclipse-x86-prof" />
			<Option target="redeclipse-amd64" />
			<Option target="redeclipse-amd64-dbg" />
			<Option target="redeclipse-amd64-prof" />
		</Unit>
		<Unit filename="game/player.h">
			<Option target="redeclipse-x86" />
			<Option target="redeclipse-x86-dbg" />
			<Option target="redeclipse-x86-prof" />
			<Option target="redeclipse_server-x86" />
			<Option target="redeclipse_server-x86-dbg" />
			<Option target="redeclipse-amd64" />
			<Option target="redeclipse-amd64-dbg" />
			<Option target="redeclipse-amd64-prof" />
			<Option target="redeclipse_server-amd64" />
			<Option target="redeclipse_server-amd64-dbg" />
		</Unit>
		<Unit filename="game/playerdef.h">
			<Option target="redeclipse-x86" />
			<Option target="redeclipse-x86-dbg" />
			<Option target="redeclipse-x86-prof" />
			<Option target="redeclipse_server-x86" />
			<Option target="redeclipse_server-x86-dbg" />
			<Option target="redeclipse-amd64" />
			<Option target="redeclipse-amd64-dbg" />
			<Option target="redeclipse-amd64-prof" />
			<Option target="redeclipse_server-amd64" />
			<Option target="redeclipse_server-amd64-dbg" />
		</Unit>
		<Unit filename="game/projs.cpp">
			<Option target="redeclipse-x86" />
			<Option target="redeclipse-x86-dbg" />
			<Option target="redeclipse-x86-prof" />
			<Option target="redeclipse-amd64" />
			<Option target="redeclipse-amd64-dbg" />
			<Option target="redeclipse-amd64-prof" />
		</Unit>
		<Unit filename="game/scoreboard.cpp">
			<Option target="redeclipse-x86" />
			<Option target="redeclipse-x86-dbg" />
			<Option target="redeclipse-x86-prof" />
			<Option target="redeclipse-amd64" />
			<Option target="redeclipse-amd64-dbg" />
			<Option target="redeclipse-amd64-prof" />
		</Unit>
		<Unit filename="game/server.cpp">
			<Option target="redeclipse-x86" />
			<Option target="redeclipse-x86-dbg" />
			<Option target="redeclipse_server-x86" />
			<Option target="redeclipse-x86-prof" />
			<Option target="redeclipse_server-x86-dbg" />
			<Option target="redeclipse-amd64" />
			<Option target="redeclipse-amd64-dbg" />
			<Option target="redeclipse-amd64-prof" />
			<Option target="redeclipse_server-amd64" />
			<Option target="redeclipse_server-amd64-dbg" />
		</Unit>
		<Unit filename="game/teamdef.h">
			<Option target="redeclipse-x86" />
			<Option target="redeclipse-x86-dbg" />
			<Option target="redeclipse-x86-prof" />
			<Option target="redeclipse_server-x86" />
			<Option target="redeclipse_server-x86-dbg" />
			<Option target="redeclipse-amd64" />
			<Option target="redeclipse-amd64-dbg" />
			<Option target="redeclipse-amd64-prof" />
			<Option target="redeclipse_server-amd64" />
			<Option target="redeclipse_server-amd64-dbg" />
		</Unit>
		<Unit filename="game/vars.h">
			<Option target="redeclipse-x86" />
			<Option target="redeclipse-x86-dbg" />
			<Option target="redeclipse_server-x86" />
			<Option target="redeclipse-x86-prof" />
			<Option target="redeclipse_server-x86-dbg" />
			<Option target="redeclipse-amd64" />
			<Option target="redeclipse-amd64-dbg" />
			<Option target="redeclipse-amd64-prof" />
			<Option target="redeclipse_server-amd64" />
			<Option target="redeclipse_server-amd64-dbg" />
		</Unit>
		<Unit filename="game/waypoint.cpp">
			<Option target="redeclipse-x86" />
			<Option target="redeclipse-x86-dbg" />
			<Option target="redeclipse-x86-prof" />
			<Option target="redeclipse-amd64" />
			<Option target="redeclipse-amd64-dbg" />
			<Option target="redeclipse-amd64-prof" />
		</Unit>
		<Unit filename="game/weapdef.h">
			<Option target="redeclipse-x86" />
			<Option target="redeclipse-x86-dbg" />
			<Option target="redeclipse-x86-prof" />
			<Option target="redeclipse_server-x86" />
			<Option target="redeclipse_server-x86-dbg" />
			<Option target="redeclipse-amd64" />
			<Option target="redeclipse-amd64-dbg" />
			<Option target="redeclipse-amd64-prof" />
			<Option target="redeclipse_server-amd64" />
			<Option target="redeclipse_server-amd64-dbg" />
		</Unit>
		<Unit filename="game/weapons.cpp">
			<Option target="redeclipse-x86" />
			<Option target="redeclipse-x86-dbg" />
			<Option target="redeclipse-x86-prof" />
			<Option target="redeclipse-amd64" />
			<Option target="redeclipse-amd64-dbg" />
			<Option target="redeclipse-amd64-prof" />
		</Unit>
		<Unit filename="game/weapons.h">
			<Option target="redeclipse-x86" />
			<Option target="redeclipse-x86-dbg" />
			<Option target="redeclipse-x86-prof" />
			<Option target="redeclipse_server-x86" />
			<Option target="redeclipse_server-x86-dbg" />
			<Option target="redeclipse-amd64" />
			<Option target="redeclipse-amd64-dbg" />
			<Option target="redeclipse-amd64-prof" />
			<Option target="redeclipse_server-amd64" />
			<Option target="redeclipse_server-amd64-dbg" />
		</Unit>
		<Unit filename="include/GL/glext.h">
			<Option target="redeclipse-x86" />
			<Option target="redeclipse-x86-dbg" />
			<Option target="redeclipse-x86-prof" />
			<Option target="redeclipse-amd64" />
			<Option target="redeclipse-amd64-dbg" />
			<Option target="redeclipse-amd64-prof" />
		</Unit>
		<Unit filename="include/SDL.h">
			<Option target="redeclipse-x86" />
			<Option target="redeclipse-x86-dbg" />
			<Option target="redeclipse-x86-prof" />
			<Option target="redeclipse-amd64" />
			<Option target="redeclipse-amd64-dbg" />
			<Option target="redeclipse-amd64-prof" />
		</Unit>
		<Unit filename="include/SDL_active.h">
			<Option target="redeclipse-x86" />
			<Option target="redeclipse-x86-dbg" />
			<Option target="redeclipse-x86-prof" />
			<Option target="redeclipse-amd64" />
			<Option target="redeclipse-amd64-dbg" />
			<Option target="redeclipse-amd64-prof" />
		</Unit>
		<Unit filename="include/SDL_audio.h">
			<Option target="redeclipse-x86" />
			<Option target="redeclipse-x86-dbg" />
			<Option target="redeclipse-x86-prof" />
			<Option target="redeclipse-amd64" />
			<Option target="redeclipse-amd64-dbg" />
			<Option target="redeclipse-amd64-prof" />
		</Unit>
		<Unit filename="include/SDL_byteorder.h">
			<Option target="redeclipse-x86" />
			<Option target="redeclipse-x86-dbg" />
			<Option target="redeclipse-x86-prof" />
			<Option target="redeclipse-amd64" />
			<Option target="redeclipse-amd64-dbg" />
			<Option target="redeclipse-amd64-prof" />
		</Unit>
		<Unit filename="include/SDL_cdrom.h">
			<Option target="redeclipse-x86" />
			<Option target="redeclipse-x86-dbg" />
			<Option target="redeclipse-x86-prof" />
			<Option target="redeclipse-amd64" />
			<Option target="redeclipse-amd64-dbg" />
			<Option target="redeclipse-amd64-prof" />
		</Unit>
		<Unit filename="include/SDL_config.h">
			<Option target="redeclipse-x86" />
			<Option target="redeclipse-x86-dbg" />
			<Option target="redeclipse-x86-prof" />
			<Option target="redeclipse-amd64" />
			<Option target="redeclipse-amd64-dbg" />
			<Option target="redeclipse-amd64-prof" />
		</Unit>
		<Unit filename="include/SDL_config_macosx.h">
			<Option target="redeclipse-x86" />
			<Option target="redeclipse-x86-dbg" />
			<Option target="redeclipse-x86-prof" />
			<Option target="redeclipse-amd64" />
			<Option target="redeclipse-amd64-dbg" />
			<Option target="redeclipse-amd64-prof" />
		</Unit>
		<Unit filename="include/SDL_config_win32.h">
			<Option target="redeclipse-x86" />
			<Option target="redeclipse-x86-dbg" />
			<Option target="redeclipse-x86-prof" />
			<Option target="redeclipse-amd64" />
			<Option target="redeclipse-amd64-dbg" />
			<Option target="redeclipse-amd64-prof" />
		</Unit>
		<Unit filename="include/SDL_copying.h">
			<Option target="redeclipse-x86" />
			<Option target="redeclipse-x86-dbg" />
			<Option target="redeclipse-x86-prof" />
			<Option target="redeclipse-amd64" />
			<Option target="redeclipse-amd64-dbg" />
			<Option target="redeclipse-amd64-prof" />
		</Unit>
		<Unit filename="include/SDL_cpuinfo.h">
			<Option target="redeclipse-x86" />
			<Option target="redeclipse-x86-dbg" />
			<Option target="redeclipse-x86-prof" />
			<Option target="redeclipse-amd64" />
			<Option target="redeclipse-amd64-dbg" />
			<Option target="redeclipse-amd64-prof" />
		</Unit>
		<Unit filename="include/SDL_endian.h">
			<Option target="redeclipse-x86" />
			<Option target="redeclipse-x86-dbg" />
			<Option target="redeclipse-x86-prof" />
			<Option target="redeclipse-amd64" />
			<Option target="redeclipse-amd64-dbg" />
			<Option target="redeclipse-amd64-prof" />
		</Unit>
		<Unit filename="include/SDL_error.h">
			<Option target="redeclipse-x86" />
			<Option target="redeclipse-x86-dbg" />
			<Option target="redeclipse-x86-prof" />
			<Option target="redeclipse-amd64" />
			<Option target="redeclipse-amd64-dbg" />
			<Option target="redeclipse-amd64-prof" />
		</Unit>
		<Unit filename="include/SDL_events.h">
			<Option target="redeclipse-x86" />
			<Option target="redeclipse-x86-dbg" />
			<Option target="redeclipse-x86-prof" />
			<Option target="redeclipse-amd64" />
			<Option target="redeclipse-amd64-dbg" />
			<Option target="redeclipse-amd64-prof" />
		</Unit>
		<Unit filename="include/SDL_getenv.h">
			<Option target="redeclipse-x86" />
			<Option target="redeclipse-x86-dbg" />
			<Option target="redeclipse-x86-prof" />
			<Option target="redeclipse-amd64" />
			<Option target="redeclipse-amd64-dbg" />
			<Option target="redeclipse-amd64-prof" />
		</Unit>
		<Unit filename="include/SDL_image.h">
			<Option target="redeclipse-x86" />
			<Option target="redeclipse-x86-dbg" />
			<Option target="redeclipse-x86-prof" />
			<Option target="redeclipse-amd64" />
			<Option target="redeclipse-amd64-dbg" />
			<Option target="redeclipse-amd64-prof" />
		</Unit>
		<Unit filename="include/SDL_joystick.h">
			<Option target="redeclipse-x86" />
			<Option target="redeclipse-x86-dbg" />
			<Option target="redeclipse-x86-prof" />
			<Option target="redeclipse-amd64" />
			<Option target="redeclipse-amd64-dbg" />
			<Option target="redeclipse-amd64-prof" />
		</Unit>
		<Unit filename="include/SDL_keyboard.h">
			<Option target="redeclipse-x86" />
			<Option target="redeclipse-x86-dbg" />
			<Option target="redeclipse-x86-prof" />
			<Option target="redeclipse-amd64" />
			<Option target="redeclipse-amd64-dbg" />
			<Option target="redeclipse-amd64-prof" />
		</Unit>
		<Unit filename="include/SDL_keysym.h">
			<Option target="redeclipse-x86" />
			<Option target="redeclipse-x86-dbg" />
			<Option target="redeclipse-x86-prof" />
			<Option target="redeclipse-amd64" />
			<Option target="redeclipse-amd64-dbg" />
			<Option target="redeclipse-amd64-prof" />
		</Unit>
		<Unit filename="include/SDL_loadso.h">
			<Option target="redeclipse-x86" />
			<Option target="redeclipse-x86-dbg" />
			<Option target="redeclipse-x86-prof" />
			<Option target="redeclipse-amd64" />
			<Option target="redeclipse-amd64-dbg" />
			<Option target="redeclipse-amd64-prof" />
		</Unit>
		<Unit filename="include/SDL_main.h">
			<Option target="redeclipse-x86" />
			<Option target="redeclipse-x86-dbg" />
			<Option target="redeclipse-x86-prof" />
			<Option target="redeclipse-amd64" />
			<Option target="redeclipse-amd64-dbg" />
			<Option target="redeclipse-amd64-prof" />
		</Unit>
		<Unit filename="include/SDL_mixer.h">
			<Option target="redeclipse-x86" />
			<Option target="redeclipse-x86-dbg" />
			<Option target="redeclipse-x86-prof" />
			<Option target="redeclipse-amd64" />
			<Option target="redeclipse-amd64-dbg" />
			<Option target="redeclipse-amd64-prof" />
		</Unit>
		<Unit filename="include/SDL_mouse.h">
			<Option target="redeclipse-x86" />
			<Option target="redeclipse-x86-dbg" />
			<Option target="redeclipse-x86-prof" />
			<Option target="redeclipse-amd64" />
			<Option target="redeclipse-amd64-dbg" />
			<Option target="redeclipse-amd64-prof" />
		</Unit>
		<Unit filename="include/SDL_mutex.h">
			<Option target="redeclipse-x86" />
			<Option target="redeclipse-x86-dbg" />
			<Option target="redeclipse-x86-prof" />
			<Option target="redeclipse-amd64" />
			<Option target="redeclipse-amd64-dbg" />
			<Option target="redeclipse-amd64-prof" />
		</Unit>
		<Unit filename="include/SDL_name.h">
			<Option target="redeclipse-x86" />
			<Option target="redeclipse-x86-dbg" />
			<Option target="redeclipse-x86-prof" />
			<Option target="redeclipse-amd64" />
			<Option target="redeclipse-amd64-dbg" />
			<Option target="redeclipse-amd64-prof" />
		</Unit>
		<Unit filename="include/SDL_opengl.h">
			<Option target="redeclipse-x86" />
			<Option target="redeclipse-x86-dbg" />
			<Option target="redeclipse-x86-prof" />
			<Option target="redeclipse-amd64" />
			<Option target="redeclipse-amd64-dbg" />
			<Option target="redeclipse-amd64-prof" />
		</Unit>
		<Unit filename="include/SDL_platform.h">
			<Option target="redeclipse-x86" />
			<Option target="redeclipse-x86-dbg" />
			<Option target="redeclipse-x86-prof" />
			<Option target="redeclipse-amd64" />
			<Option target="redeclipse-amd64-dbg" />
			<Option target="redeclipse-amd64-prof" />
		</Unit>
		<Unit filename="include/SDL_quit.h">
			<Option target="redeclipse-x86" />
			<Option target="redeclipse-x86-dbg" />
			<Option target="redeclipse-x86-prof" />
			<Option target="redeclipse-amd64" />
			<Option target="redeclipse-amd64-dbg" />
			<Option target="redeclipse-amd64-prof" />
		</Unit>
		<Unit filename="include/SDL_rwops.h">
			<Option target="redeclipse-x86" />
			<Option target="redeclipse-x86-dbg" />
			<Option target="redeclipse-x86-prof" />
			<Option target="redeclipse-amd64" />
			<Option target="redeclipse-amd64-dbg" />
			<Option target="redeclipse-amd64-prof" />
		</Unit>
		<Unit filename="include/SDL_stdinc.h">
			<Option target="redeclipse-x86" />
			<Option target="redeclipse-x86-dbg" />
			<Option target="redeclipse-x86-prof" />
			<Option target="redeclipse-amd64" />
			<Option target="redeclipse-amd64-dbg" />
			<Option target="redeclipse-amd64-prof" />
		</Unit>
		<Unit filename="include/SDL_syswm.h">
			<Option target="redeclipse-x86" />
			<Option target="redeclipse-x86-dbg" />
			<Option target="redeclipse-x86-prof" />
			<Option target="redeclipse-amd64" />
			<Option target="redeclipse-amd64-dbg" />
			<Option target="redeclipse-amd64-prof" />
		</Unit>
		<Unit filename="include/SDL_thread.h">
			<Option target="redeclipse-x86" />
			<Option target="redeclipse-x86-dbg" />
			<Option target="redeclipse-x86-prof" />
			<Option target="redeclipse-amd64" />
			<Option target="redeclipse-amd64-dbg" />
			<Option target="redeclipse-amd64-prof" />
		</Unit>
		<Unit filename="include/SDL_timer.h">
			<Option target="redeclipse-x86" />
			<Option target="redeclipse-x86-dbg" />
			<Option target="redeclipse-x86-prof" />
			<Option target="redeclipse-amd64" />
			<Option target="redeclipse-amd64-dbg" />
			<Option target="redeclipse-amd64-prof" />
		</Unit>
		<Unit filename="include/SDL_types.h">
			<Option target="redeclipse-x86" />
			<Option target="redeclipse-x86-dbg" />
			<Option target="redeclipse-x86-prof" />
			<Option target="redeclipse-amd64" />
			<Option target="redeclipse-amd64-dbg" />
			<Option target="redeclipse-amd64-prof" />
		</Unit>
		<Unit filename="include/SDL_version.h">
			<Option target="redeclipse-x86" />
			<Option target="redeclipse-x86-dbg" />
			<Option target="redeclipse-x86-prof" />
			<Option target="redeclipse-amd64" />
			<Option target="redeclipse-amd64-dbg" />
			<Option target="redeclipse-amd64-prof" />
		</Unit>
		<Unit filename="include/SDL_video.h">
			<Option target="redeclipse-x86" />
			<Option target="redeclipse-x86-dbg" />
			<Option target="redeclipse-x86-prof" />
			<Option target="redeclipse-amd64" />
			<Option target="redeclipse-amd64-dbg" />
			<Option target="redeclipse-amd64-prof" />
		</Unit>
		<Unit filename="include/begin_code.h">
			<Option target="redeclipse-x86" />
			<Option target="redeclipse-x86-dbg" />
			<Option target="redeclipse-x86-prof" />
			<Option target="redeclipse-amd64" />
			<Option target="redeclipse-amd64-dbg" />
			<Option target="redeclipse-amd64-prof" />
		</Unit>
		<Unit filename="include/close_code.h">
			<Option target="redeclipse-x86" />
			<Option target="redeclipse-x86-dbg" />
			<Option target="redeclipse-x86-prof" />
			<Option target="redeclipse-amd64" />
			<Option target="redeclipse-amd64-dbg" />
			<Option target="redeclipse-amd64-prof" />
		</Unit>
		<Unit filename="include/zconf.h">
			<Option target="redeclipse-x86" />
			<Option target="redeclipse-x86-dbg" />
			<Option target="redeclipse-x86-prof" />
			<Option target="redeclipse-amd64" />
			<Option target="redeclipse-amd64-dbg" />
			<Option target="redeclipse-amd64-prof" />
		</Unit>
		<Unit filename="include/zlib.h">
			<Option target="redeclipse-x86" />
			<Option target="redeclipse-x86-dbg" />
			<Option target="redeclipse-x86-prof" />
			<Option target="redeclipse-amd64" />
			<Option target="redeclipse-amd64-dbg" />
			<Option target="redeclipse-amd64-prof" />
		</Unit>
		<Unit filename="redeclipse.rc">
			<Option compilerVar="WINDRES" />
			<Option compiler="gcc" use="1" buildCommand="$rescomp -F $WINDRES_TARGET -i $file -J rc -o $resource_output -O coff $res_includes" />
			<Option target="redeclipse-x86" />
			<Option target="redeclipse-x86-dbg" />
			<Option target="redeclipse_server-x86" />
			<Option target="redeclipse-x86-prof" />
			<Option target="redeclipse_server-x86-dbg" />
			<Option target="redeclipse-amd64" />
			<Option target="redeclipse-amd64-dbg" />
			<Option target="redeclipse-amd64-prof" />
			<Option target="redeclipse_server-amd64" />
			<Option target="redeclipse_server-amd64-dbg" />
		</Unit>
		<Unit filename="shared/command.h">
			<Option target="redeclipse-x86" />
			<Option target="redeclipse-x86-dbg" />
			<Option target="redeclipse_server-x86" />
			<Option target="genkey" />
			<Option target="redeclipse-x86-prof" />
			<Option target="redeclipse_server-x86-dbg" />
			<Option target="redeclipse-amd64" />
			<Option target="redeclipse-amd64-dbg" />
			<Option target="redeclipse-amd64-prof" />
			<Option target="redeclipse_server-amd64" />
			<Option target="redeclipse_server-amd64-dbg" />
		</Unit>
		<Unit filename="shared/crypto.cpp">
			<Option target="redeclipse-x86" />
			<Option target="redeclipse-x86-dbg" />
			<Option target="redeclipse_server-x86" />
			<Option target="genkey" />
			<Option target="redeclipse-x86-prof" />
			<Option target="redeclipse_server-x86-dbg" />
			<Option target="redeclipse-amd64" />
			<Option target="redeclipse-amd64-dbg" />
			<Option target="redeclipse-amd64-prof" />
			<Option target="redeclipse_server-amd64" />
			<Option target="redeclipse_server-amd64-dbg" />
		</Unit>
		<Unit filename="shared/cube.h">
			<Option compile="1" />
			<Option weight="0" />
			<Option target="redeclipse-x86" />
			<Option target="redeclipse-x86-dbg" />
			<Option target="redeclipse-x86-prof" />
			<Option target="redeclipse-amd64" />
			<Option target="redeclipse-amd64-dbg" />
			<Option target="redeclipse-amd64-prof" />
		</Unit>
		<Unit filename="shared/cube2font.c">
			<Option compilerVar="CC" />
			<Option target="cube2font" />
		</Unit>
		<Unit filename="shared/ents.h">
			<Option target="redeclipse-x86" />
			<Option target="redeclipse-x86-dbg" />
			<Option target="redeclipse-x86-prof" />
			<Option target="redeclipse-amd64" />
			<Option target="redeclipse-amd64-dbg" />
			<Option target="redeclipse-amd64-prof" />
		</Unit>
		<Unit filename="shared/geom.cpp">
			<Option target="redeclipse-x86" />
			<Option target="redeclipse-x86-dbg" />
			<Option target="redeclipse_server-x86" />
			<Option target="redeclipse-x86-prof" />
			<Option target="redeclipse_server-x86-dbg" />
			<Option target="redeclipse-amd64" />
			<Option target="redeclipse-amd64-dbg" />
			<Option target="redeclipse-amd64-prof" />
			<Option target="redeclipse_server-amd64" />
			<Option target="redeclipse_server-amd64-dbg" />
		</Unit>
		<Unit filename="shared/geom.h">
			<Option target="redeclipse-x86" />
			<Option target="redeclipse-x86-dbg" />
			<Option target="redeclipse-x86-prof" />
			<Option target="redeclipse-amd64" />
			<Option target="redeclipse-amd64-dbg" />
			<Option target="redeclipse-amd64-prof" />
		</Unit>
		<Unit filename="shared/iengine.h">
			<Option target="redeclipse-x86" />
			<Option target="redeclipse-x86-dbg" />
			<Option target="redeclipse-x86-prof" />
			<Option target="redeclipse-amd64" />
			<Option target="redeclipse-amd64-dbg" />
			<Option target="redeclipse-amd64-prof" />
		</Unit>
		<Unit filename="shared/igame.h">
			<Option target="redeclipse-x86" />
			<Option target="redeclipse-x86-dbg" />
			<Option target="redeclipse-x86-prof" />
			<Option target="redeclipse-amd64" />
			<Option target="redeclipse-amd64-dbg" />
			<Option target="redeclipse-amd64-prof" />
		</Unit>
		<Unit filename="shared/stream.cpp">
			<Option target="redeclipse-x86" />
			<Option target="redeclipse-x86-dbg" />
			<Option target="redeclipse_server-x86" />
			<Option target="genkey" />
			<Option target="redeclipse-x86-prof" />
			<Option target="redeclipse_server-x86-dbg" />
			<Option target="redeclipse-amd64" />
			<Option target="redeclipse-amd64-dbg" />
			<Option target="redeclipse-amd64-prof" />
			<Option target="redeclipse_server-amd64" />
			<Option target="redeclipse_server-amd64-dbg" />
		</Unit>
		<Unit filename="shared/tools.cpp">
			<Option target="redeclipse-x86" />
			<Option target="redeclipse-x86-dbg" />
			<Option target="redeclipse_server-x86" />
			<Option target="genkey" />
			<Option target="redeclipse-x86-prof" />
			<Option target="redeclipse_server-x86-dbg" />
			<Option target="redeclipse-amd64" />
			<Option target="redeclipse-amd64-dbg" />
			<Option target="redeclipse-amd64-prof" />
			<Option target="redeclipse_server-amd64" />
			<Option target="redeclipse_server-amd64-dbg" />
		</Unit>
		<Unit filename="shared/tools.h">
			<Option target="redeclipse-x86" />
			<Option target="redeclipse-x86-dbg" />
			<Option target="redeclipse-x86-prof" />
			<Option target="redeclipse_server-x86" />
			<Option target="redeclipse_server-x86-dbg" />
			<Option target="genkey" />
			<Option target="redeclipse-amd64" />
			<Option target="redeclipse-amd64-dbg" />
			<Option target="redeclipse-amd64-prof" />
			<Option target="redeclipse_server-amd64" />
			<Option target="redeclipse_server-amd64-dbg" />
		</Unit>
		<Unit filename="shared/zip.cpp">
			<Option target="redeclipse-x86" />
			<Option target="redeclipse-x86-dbg" />
			<Option target="redeclipse-x86-prof" />
			<Option target="redeclipse-amd64" />
			<Option target="redeclipse-amd64-dbg" />
			<Option target="redeclipse-amd64-prof" />
			<Option target="redeclipse_server-x86" />
			<Option target="redeclipse_server-x86-dbg" />
			<Option target="redeclipse_server-amd64" />
			<Option target="redeclipse_server-amd64-dbg" />
		</Unit>
		<Unit filename="version.h">
			<Option target="redeclipse-x86" />
			<Option target="redeclipse-x86-dbg" />
			<Option target="redeclipse-x86-prof" />
			<Option target="redeclipse_server-x86" />
			<Option target="redeclipse_server-x86-dbg" />
			<Option target="redeclipse-amd64" />
			<Option target="redeclipse-amd64-dbg" />
			<Option target="redeclipse-amd64-prof" />
			<Option target="redeclipse_server-amd64" />
			<Option target="redeclipse_server-amd64-dbg" />
		</Unit>
		<Extensions>
			<code_completion />
			<envvars />
			<debugger />
		</Extensions>
	</Project>
</CodeBlocks_project_file>
